<?xml version="1.0" encoding="utf-8"?>
<Project ToolsVersion="4.0" xmlns="http://schemas.microsoft.com/developer/msbuild/2003">
  <ItemGroup>
    <Filter Include="Source Files">
      <UniqueIdentifier>{4FC737F1-C7A5-4376-A066-2A32D752A2FF}</UniqueIdentifier>
      <Extensions>cpp;c;cc;cxx;c++;cppm;ixx;def;odl;idl;hpj;bat;asm;asmx</Extensions>
    </Filter>
    <Filter Include="Header Files">
      <UniqueIdentifier>{93995380-89BD-4b04-88EB-625FBE52EBFB}</UniqueIdentifier>
      <Extensions>h;hh;hpp;hxx;h++;hm;inl;inc;ipp;xsd</Extensions>
    </Filter>
    <Filter Include="Resource Files">
      <UniqueIdentifier>{67DA6AB6-F800-4c08-8B7A-83BB121AAD01}</UniqueIdentifier>
      <Extensions>rc;ico;cur;bmp;dlg;rc2;rct;bin;rgs;gif;jpg;jpeg;jpe;resx;tiff;tif;png;wav;mfcribbon-ms</Extensions>
    </Filter>
  </ItemGroup>
  <ItemGroup>
    <ClInclude Include="Abuse.hpp">
      <Filter>Header Files</Filter>
    </ClInclude>
    <ClInclude Include="Actions.hpp">
      <Filter>Header Files</Filter>
    </ClInclude>
    <ClInclude Include="Analysis.hpp">
      <Filter>Header Files</Filter>
    </ClInclude>
    <ClInclude Include="Argument.hpp">
      <Filter>Header Files</Filter>
    </ClInclude>
    <ClInclude Include="AugmentedIntelligence.hpp">
      <Filter>Header Files</Filter>
    </ClInclude>
    <ClInclude Include="Awareness.hpp">
      <Filter>Header Files</Filter>
    </ClInclude>
    <ClInclude Include="Bias.hpp">
      <Filter>Header Files</Filter>
    </ClInclude>
    <ClInclude Include="Citations.hpp">
      <Filter>Header Files</Filter>
    </ClInclude>
    <ClInclude Include="ComputationalLinguistics.hpp">
      <Filter>Header Files</Filter>
    </ClInclude>
    <ClInclude Include="Computers.hpp">
      <Filter>Header Files</Filter>
    </ClInclude>
    <ClInclude Include="CUDA.hpp">
      <Filter>Header Files</Filter>
    </ClInclude>
    <ClInclude Include="Database Functions.hpp">
      <Filter>Header Files</Filter>
    </ClInclude>
    <ClInclude Include="Defense.hpp">
      <Filter>Header Files</Filter>
    </ClInclude>
    <ClInclude Include="Directories.hpp">
      <Filter>Header Files</Filter>
    </ClInclude>
    <ClInclude Include="Drawing.hpp">
      <Filter>Header Files</Filter>
    </ClInclude>
    <ClInclude Include="Driving.hpp">
      <Filter>Header Files</Filter>
    </ClInclude>
    <ClInclude Include="EKG.hpp">
      <Filter>Header Files</Filter>
    </ClInclude>
    <ClInclude Include="Ethics.hpp">
      <Filter>Header Files</Filter>
    </ClInclude>
    <ClInclude Include="Executive Functions.hpp">
      <Filter>Header Files</Filter>
    </ClInclude>
    <ClInclude Include="Fallacy.hpp">
      <Filter>Header Files</Filter>
    </ClInclude>
    <ClInclude Include="Feel.hpp">
      <Filter>Header Files</Filter>
    </ClInclude>
    <ClInclude Include="Finance.hpp">
      <Filter>Header Files</Filter>
    </ClInclude>
    <ClInclude Include="FTPClient.hpp">
      <Filter>Header Files</Filter>
    </ClInclude>
    <ClInclude Include="FTPSettings.hpp">
      <Filter>Header Files</Filter>
    </ClInclude>
    <ClInclude Include="Gaming.hpp">
      <Filter>Header Files</Filter>
    </ClInclude>
    <ClInclude Include="Goals.hpp">
      <Filter>Header Files</Filter>
    </ClInclude>
    <ClInclude Include="Heuristics.hpp">
      <Filter>Header Files</Filter>
    </ClInclude>
    <ClInclude Include="Home Database.hpp">
      <Filter>Header Files</Filter>
    </ClInclude>
    <ClInclude Include="Keyboard.hpp">
      <Filter>Header Files</Filter>
    </ClInclude>
    <ClInclude Include="Kinesthetics.hpp">
      <Filter>Header Files</Filter>
    </ClInclude>
    <ClInclude Include="Large Language Models.hpp">
      <Filter>Header Files</Filter>
    </ClInclude>
    <ClInclude Include="Learning.hpp">
      <Filter>Header Files</Filter>
    </ClInclude>
    <ClInclude Include="Logic.hpp">
      <Filter>Header Files</Filter>
    </ClInclude>
    <ClInclude Include="Long-Term Memory.hpp">
      <Filter>Header Files</Filter>
    </ClInclude>
    <ClInclude Include="Mathematics.hpp">
      <Filter>Header Files</Filter>
    </ClInclude>
    <ClInclude Include="Mind.hpp">
      <Filter>Header Files</Filter>
    </ClInclude>
    <ClInclude Include="Mods.hpp">
      <Filter>Header Files</Filter>
    </ClInclude>
    <ClInclude Include="Morality.hpp">
      <Filter>Header Files</Filter>
    </ClInclude>
    <ClInclude Include="Mouse.hpp">
      <Filter>Header Files</Filter>
    </ClInclude>
    <ClInclude Include="Music.hpp">
      <Filter>Header Files</Filter>
    </ClInclude>
    <ClInclude Include="MySQL Settings.hpp">
      <Filter>Header Files</Filter>
    </ClInclude>
    <ClInclude Include="Needs.hpp">
      <Filter>Header Files</Filter>
    </ClInclude>
    <ClInclude Include="NetworkingClient.hpp">
      <Filter>Header Files</Filter>
    </ClInclude>
    <ClInclude Include="NetworkingServer.hpp">
      <Filter>Header Files</Filter>
    </ClInclude>
    <ClInclude Include="NeuraLink.hpp">
      <Filter>Header Files</Filter>
    </ClInclude>
    <ClInclude Include="NLP.hpp">
      <Filter>Header Files</Filter>
    </ClInclude>
    <ClInclude Include="NLU.hpp">
      <Filter>Header Files</Filter>
    </ClInclude>
    <ClInclude Include="Parsers.hpp">
      <Filter>Header Files</Filter>
    </ClInclude>
    <ClInclude Include="Pathfinding.hpp">
      <Filter>Header Files</Filter>
    </ClInclude>
    <ClInclude Include="Pattern Recognition.hpp">
      <Filter>Header Files</Filter>
    </ClInclude>
    <ClInclude Include="Prediction.hpp">
      <Filter>Header Files</Filter>
    </ClInclude>
    <ClInclude Include="Programming.hpp">
      <Filter>Header Files</Filter>
    </ClInclude>
    <ClInclude Include="QA.hpp">
      <Filter>Header Files</Filter>
    </ClInclude>
    <ClInclude Include="Qualitative Reasoning.hpp">
      <Filter>Header Files</Filter>
    </ClInclude>
    <ClInclude Include="Quantitative Reasoning.hpp">
      <Filter>Header Files</Filter>
    </ClInclude>
    <ClInclude Include="Reading.hpp">
      <Filter>Header Files</Filter>
    </ClInclude>
    <ClInclude Include="Reference.hpp">
      <Filter>Header Files</Filter>
    </ClInclude>
    <ClInclude Include="Scrapers.hpp">
      <Filter>Header Files</Filter>
    </ClInclude>
    <ClInclude Include="Server Functions.hpp">
      <Filter>Header Files</Filter>
    </ClInclude>
    <ClInclude Include="Settings.hpp">
      <Filter>Header Files</Filter>
    </ClInclude>
    <ClInclude Include="Short-Term Memory.hpp">
      <Filter>Header Files</Filter>
    </ClInclude>
    <ClInclude Include="Smart Phone.hpp">
      <Filter>Header Files</Filter>
    </ClInclude>
    <ClInclude Include="Smell.hpp">
      <Filter>Header Files</Filter>
    </ClInclude>
    <ClInclude Include="Social.hpp">
      <Filter>Header Files</Filter>
    </ClInclude>
    <ClInclude Include="Sound.hpp">
      <Filter>Header Files</Filter>
    </ClInclude>
    <ClInclude Include="Speech.hpp">
      <Filter>Header Files</Filter>
    </ClInclude>
    <ClInclude Include="Speech Commands.hpp">
      <Filter>Header Files</Filter>
    </ClInclude>
    <ClInclude Include="Speech Recognition.hpp">
      <Filter>Header Files</Filter>
    </ClInclude>
    <ClInclude Include="SpeechSynthesis.hpp">
      <Filter>Header Files</Filter>
    </ClInclude>
    <ClInclude Include="Sports.hpp">
      <Filter>Header Files</Filter>
    </ClInclude>
    <ClInclude Include="Stocks.hpp">
      <Filter>Header Files</Filter>
    </ClInclude>
    <ClInclude Include="Strategy.hpp">
      <Filter>Header Files</Filter>
    </ClInclude>
    <ClInclude Include="Tensorflow.hpp">
      <Filter>Header Files</Filter>
    </ClInclude>
    <ClInclude Include="Time.hpp">
      <Filter>Header Files</Filter>
    </ClInclude>
    <ClInclude Include="Translation.hpp">
      <Filter>Header Files</Filter>
    </ClInclude>
    <ClInclude Include="Typing.hpp">
      <Filter>Header Files</Filter>
    </ClInclude>
    <ClInclude Include="Utilities.hpp">
      <Filter>Header Files</Filter>
    </ClInclude>
    <ClInclude Include="Variables.hpp">
      <Filter>Header Files</Filter>
    </ClInclude>
    <ClInclude Include="Vision.hpp">
      <Filter>Header Files</Filter>
    </ClInclude>
    <ClInclude Include="WikiMedia.hpp">
      <Filter>Header Files</Filter>
    </ClInclude>
    <ClInclude Include="Wisdom.hpp">
      <Filter>Header Files</Filter>
    </ClInclude>
    <ClInclude Include="Writing.hpp">
      <Filter>Header Files</Filter>
    </ClInclude>
    <ClInclude Include="Working-Memory.hpp">
      <Filter>Header Files</Filter>
    </ClInclude>
    <ClInclude Include="Axioms.hpp">
      <Filter>Header Files</Filter>
    </ClInclude>
    <ClInclude Include="Listening.hpp">
      <Filter>Header Files</Filter>
    </ClInclude>
    <ClInclude Include="Ball.hpp">
      <Filter>Header Files</Filter>
    </ClInclude>
    <ClInclude Include="Watching.hpp">
      <Filter>Header Files</Filter>
    </ClInclude>
    <ClInclude Include="Objections.hpp">
      <Filter>Header Files</Filter>
    </ClInclude>
    <ClInclude Include="Law.hpp">
      <Filter>Header Files</Filter>
    </ClInclude>
    <ClInclude Include="Algebra.hpp">
      <Filter>Header Files</Filter>
    </ClInclude>
    <ClInclude Include="NumberTheory.hpp">
      <Filter>Header Files</Filter>
    </ClInclude>
    <ClInclude Include="Baseball.hpp">
      <Filter>Header Files</Filter>
    </ClInclude>
    <ClInclude Include="Football.hpp">
      <Filter>Header Files</Filter>
    </ClInclude>
    <ClInclude Include="Basketball.hpp">
      <Filter>Header Files</Filter>
    </ClInclude>
    <ClInclude Include="Chess.hpp">
      <Filter>Header Files</Filter>
    </ClInclude>
    <ClInclude Include="Cryptography.hpp">
      <Filter>Header Files</Filter>
    </ClInclude>
    <ClInclude Include="Ecology.hpp">
      <Filter>Header Files</Filter>
    </ClInclude>
    <ClInclude Include="GameTheory.hpp">
      <Filter>Header Files</Filter>
    </ClInclude>
    <ClInclude Include="Golf.hpp">
      <Filter>Header Files</Filter>
    </ClInclude>
    <ClInclude Include="Grammar.hpp">
      <Filter>Header Files</Filter>
    </ClInclude>
    <ClInclude Include="GraphTheory.hpp">
      <Filter>Header Files</Filter>
    </ClInclude>
    <ClInclude Include="Java.hpp">
      <Filter>Header Files</Filter>
    </ClInclude>
    <ClInclude Include="LinearAlgebra.hpp">
      <Filter>Header Files</Filter>
    </ClInclude>
    <ClInclude Include="Nautical.hpp">
      <Filter>Header Files</Filter>
    </ClInclude>
    <ClInclude Include="Neuroanatomy.hpp">
      <Filter>Header Files</Filter>
    </ClInclude>
    <ClInclude Include="Opera.hpp">
      <Filter>Header Files</Filter>
    </ClInclude>
    <ClInclude Include="Paintball.hpp">
      <Filter>Header Files</Filter>
    </ClInclude>
    <ClInclude Include="Philosophy.hpp">
      <Filter>Header Files</Filter>
    </ClInclude>
    <ClInclude Include="Pinball.hpp">
      <Filter>Header Files</Filter>
    </ClInclude>
    <ClInclude Include="WaterPolo.hpp">
      <Filter>Header Files</Filter>
    </ClInclude>
    <ClInclude Include="Poetry.hpp">
      <Filter>Header Files</Filter>
    </ClInclude>
    <ClInclude Include="Poker.hpp">
      <Filter>Header Files</Filter>
    </ClInclude>
    <ClInclude Include="Probability.hpp">
      <Filter>Header Files</Filter>
    </ClInclude>
    <ClInclude Include="Statistics.hpp">
      <Filter>Header Files</Filter>
    </ClInclude>
    <ClInclude Include="Psychiatry.hpp">
      <Filter>Header Files</Filter>
    </ClInclude>
    <ClInclude Include="Rhetoric.hpp">
      <Filter>Header Files</Filter>
    </ClInclude>
    <ClInclude Include="ScubaDiving.hpp">
      <Filter>Header Files</Filter>
    </ClInclude>
    <ClInclude Include="Sculpting.hpp">
      <Filter>Header Files</Filter>
    </ClInclude>
    <ClInclude Include="Semantics.hpp">
      <Filter>Header Files</Filter>
    </ClInclude>
    <ClInclude Include="Surfing.hpp">
      <Filter>Header Files</Filter>
    </ClInclude>
    <ClInclude Include="TextSpeak.hpp">
      <Filter>Header Files</Filter>
    </ClInclude>
    <ClInclude Include="Theatre.hpp">
      <Filter>Header Files</Filter>
    </ClInclude>
    <ClInclude Include="WoodWorking.hpp">
      <Filter>Header Files</Filter>
    </ClInclude>
    <ClInclude Include="C++.hpp">
      <Filter>Header Files</Filter>
    </ClInclude>
    <ClInclude Include="DifferentialEquations.hpp">
      <Filter>Header Files</Filter>
    </ClInclude>
    <ClInclude Include="MountainBiking.hpp">
      <Filter>Header Files</Filter>
    </ClInclude>
    <ClInclude Include="Geometry.hpp">
      <Filter>Header Files</Filter>
    </ClInclude>
    <ClInclude Include="Trigonometry.hpp">
      <Filter>Header Files</Filter>
    </ClInclude>
    <ClInclude Include="CollegeAlgebra.hpp">
      <Filter>Header Files</Filter>
    </ClInclude>
    <ClInclude Include="Calculus.hpp">
      <Filter>Header Files</Filter>
    </ClInclude>
    <ClInclude Include="Batch.hpp">
      <Filter>Header Files</Filter>
    </ClInclude>
    <ClInclude Include="Bash.hpp">
      <Filter>Header Files</Filter>
    </ClInclude>
    <ClInclude Include="ComputerScience.hpp">
      <Filter>Header Files</Filter>
    </ClInclude>
    <ClInclude Include="Parenting.hpp">
      <Filter>Header Files</Filter>
    </ClInclude>
    <ClInclude Include="ComputerHardware.hpp">
      <Filter>Header Files</Filter>
    </ClInclude>
    <ClInclude Include="Engineering.hpp">
      <Filter>Header Files</Filter>
    </ClInclude>
    <ClInclude Include="AerospaceEngineering.hpp">
      <Filter>Header Files</Filter>
    </ClInclude>
    <ClInclude Include="CivilEngineering.hpp">
      <Filter>Header Files</Filter>
    </ClInclude>
    <ClInclude Include="ElectricalEngineering.hpp">
      <Filter>Header Files</Filter>
    </ClInclude>
    <ClInclude Include="StructuralEngineering.hpp">
      <Filter>Header Files</Filter>
    </ClInclude>
    <ClInclude Include="MechanicalEngineering.hpp">
      <Filter>Header Files</Filter>
    </ClInclude>
    <ClInclude Include="Chemistry.hpp">
      <Filter>Header Files</Filter>
    </ClInclude>
    <ClInclude Include="Physics.hpp">
      <Filter>Header Files</Filter>
    </ClInclude>
    <ClInclude Include="Swimming.hpp">
      <Filter>Header Files</Filter>
    </ClInclude>
    <ClInclude Include="Geology.hpp">
      <Filter>Header Files</Filter>
    </ClInclude>
    <ClInclude Include="Humor.hpp">
      <Filter>Header Files</Filter>
    </ClInclude>
    <ClInclude Include="Empathy.hpp">
      <Filter>Header Files</Filter>
    </ClInclude>
    <ClInclude Include="Intimacy.hpp">
      <Filter>Header Files</Filter>
    </ClInclude>
    <ClInclude Include="Politics.hpp">
      <Filter>Header Files</Filter>
    </ClInclude>
    <ClInclude Include="PoliticalScience.hpp">
      <Filter>Header Files</Filter>
    </ClInclude>
    <ClInclude Include="Marketing.hpp">
      <Filter>Header Files</Filter>
    </ClInclude>
    <ClInclude Include="Salesmanship.hpp">
      <Filter>Header Files</Filter>
    </ClInclude>
    <ClInclude Include="Economics.hpp">
      <Filter>Header Files</Filter>
    </ClInclude>
    <ClInclude Include="Biology.hpp">
      <Filter>Header Files</Filter>
    </ClInclude>
    <ClInclude Include="Property.hpp">
      <Filter>Header Files</Filter>
    </ClInclude>
    <ClInclude Include="Dating.hpp">
      <Filter>Header Files</Filter>
    </ClInclude>
    <ClInclude Include="SignificantOther.hpp">
      <Filter>Header Files</Filter>
    </ClInclude>
    <ClInclude Include="Soccer.hpp">
      <Filter>Header Files</Filter>
    </ClInclude>
    <ClInclude Include="Introspection.hpp">
      <Filter>Header Files</Filter>
    </ClInclude>
    <ClInclude Include="Coping.hpp">
      <Filter>Header Files</Filter>
    </ClInclude>
    <ClInclude Include="Directions.hpp">
      <Filter>Header Files</Filter>
    </ClInclude>
    <ClInclude Include="Python.hpp">
      <Filter>Header Files</Filter>
    </ClInclude>
    <ClInclude Include="Sleep.hpp">
      <Filter>Header Files</Filter>
    </ClInclude>
    <ClInclude Include="Camping.hpp">
      <Filter>Header Files</Filter>
    </ClInclude>
    <ClInclude Include="Values.hpp">
      <Filter>Header Files</Filter>
    </ClInclude>
    <ClInclude Include="Likes.hpp">
      <Filter>Header Files</Filter>
    </ClInclude>
    <ClInclude Include="Dislikes.hpp">
      <Filter>Header Files</Filter>
    </ClInclude>
    <ClInclude Include="Dance.hpp">
      <Filter>Header Files</Filter>
    </ClInclude>
    <ClInclude Include="Chores.hpp">
      <Filter>Header Files</Filter>
    </ClInclude>
    <ClInclude Include="Beauty.hpp">
      <Filter>Header Files</Filter>
    </ClInclude>
    <ClInclude Include="PersonalCare.hpp">
      <Filter>Header Files</Filter>
    </ClInclude>
    <ClInclude Include="WorldView.hpp">
      <Filter>Header Files</Filter>
    </ClInclude>
    <ClInclude Include="Calendar.hpp">
      <Filter>Header Files</Filter>
    </ClInclude>
    <ClInclude Include="Network.hpp">
      <Filter>Header Files</Filter>
    </ClInclude>
    <ClInclude Include="Networking.hpp">
      <Filter>Header Files</Filter>
    </ClInclude>
    <ClInclude Include="Internet.hpp">
      <Filter>Header Files</Filter>
    </ClInclude>
    <ClInclude Include="History.hpp">
      <Filter>Header Files</Filter>
    </ClInclude>
    <ClInclude Include="Intuition.hpp">
      <Filter>Header Files</Filter>
    </ClInclude>
    <ClInclude Include="ArtificialIntelligence.hpp">
      <Filter>Header Files</Filter>
    </ClInclude>
    <ClInclude Include="Botany.hpp">
      <Filter>Header Files</Filter>
    </ClInclude>
    <ClInclude Include="Tennis.hpp">
      <Filter>Header Files</Filter>
    </ClInclude>
    <ClInclude Include="Volleyball.hpp">
      <Filter>Header Files</Filter>
    </ClInclude>
    <ClInclude Include="Photography.hpp">
      <Filter>Header Files</Filter>
    </ClInclude>
    <ClInclude Include="ProbabilityAndStatistics.hpp">
      <Filter>Header Files</Filter>
    </ClInclude>
    <ClInclude Include="PingPong.hpp">
      <Filter>Header Files</Filter>
    </ClInclude>
    <ClInclude Include="Geography.hpp">
      <Filter>Header Files</Filter>
    </ClInclude>
    <ClInclude Include="Darts.hpp">
      <Filter>Header Files</Filter>
    </ClInclude>
    <ClInclude Include="Billiards.hpp">
      <Filter>Header Files</Filter>
    </ClInclude>
    <ClInclude Include="Google.hpp">
      <Filter>Header Files</Filter>
    </ClInclude>
    <ClInclude Include="AdobePremierePro.hpp">
      <Filter>Header Files</Filter>
    </ClInclude>
    <ClInclude Include="AdobePhotoshop.hpp">
      <Filter>Header Files</Filter>
    </ClInclude>
    <ClInclude Include="AdobeAfterEffects.hpp">
      <Filter>Header Files</Filter>
    </ClInclude>
    <ClInclude Include="AdobeIllustrator.hpp">
      <Filter>Header Files</Filter>
    </ClInclude>
    <ClInclude Include="AdobeAcrobat.hpp">
      <Filter>Header Files</Filter>
    </ClInclude>
    <ClInclude Include="AdobeAudition.hpp">
      <Filter>Header Files</Filter>
    </ClInclude>
    <ClInclude Include="AdobeAnimate.hpp">
      <Filter>Header Files</Filter>
    </ClInclude>
    <ClInclude Include="AdobeFlash.hpp">
      <Filter>Header Files</Filter>
    </ClInclude>
    <ClInclude Include="AdobeDreamweaver.hpp">
      <Filter>Header Files</Filter>
    </ClInclude>
    <ClInclude Include="AdobeLightroom.hpp">
      <Filter>Header Files</Filter>
    </ClInclude>
    <ClInclude Include="AdobeMediaEncoder.hpp">
      <Filter>Header Files</Filter>
    </ClInclude>
    <ClInclude Include="MicrosoftWord.hpp">
      <Filter>Header Files</Filter>
    </ClInclude>
    <ClInclude Include="MicrosoftExcel.hpp">
      <Filter>Header Files</Filter>
    </ClInclude>
    <ClInclude Include="MicrosoftPowerpoint.hpp">
      <Filter>Header Files</Filter>
    </ClInclude>
    <ClInclude Include="MicrosoftOneNote.hpp">
      <Filter>Header Files</Filter>
    </ClInclude>
    <ClInclude Include="MicrosoftOutlook.hpp">
      <Filter>Header Files</Filter>
    </ClInclude>
    <ClInclude Include="MicrosoftAccess.hpp">
      <Filter>Header Files</Filter>
    </ClInclude>
    <ClInclude Include="AdobeInDesign.hpp">
      <Filter>Header Files</Filter>
    </ClInclude>
    <ClInclude Include="AdobeBridge.hpp">
      <Filter>Header Files</Filter>
    </ClInclude>
    <ClInclude Include="Marijuana.hpp">
      <Filter>Header Files</Filter>
    </ClInclude>
    <ClInclude Include="Medicine.hpp">
      <Filter>Header Files</Filter>
    </ClInclude>
    <ClInclude Include="Survival.hpp">
      <Filter>Header Files</Filter>
    </ClInclude>
    <ClInclude Include="MineCraft.hpp">
      <Filter>Header Files</Filter>
    </ClInclude>
    <ClInclude Include="Buttons.hpp">
      <Filter>Header Files</Filter>
    </ClInclude>
    <ClInclude Include="Whisper.hpp">
      <Filter>Header Files</Filter>
    </ClInclude>
    <ClInclude Include="grammar-parser.hpp">
      <Filter>Header Files</Filter>
    </ClInclude>
    <ClInclude Include="Psychology.hpp">
      <Filter>Header Files</Filter>
    </ClInclude>
    <ClInclude Include="Visual.hpp">
      <Filter>Header Files</Filter>
    </ClInclude>
    <ClInclude Include="Button.hpp">
      <Filter>Header Files</Filter>
    </ClInclude>
    <ClInclude Include="Hunting.hpp">
      <Filter>Header Files</Filter>
    </ClInclude>
    <ClInclude Include="Bicycle.hpp">
      <Filter>Header Files</Filter>
    </ClInclude>
    <ClInclude Include="LiteratureDevices.hpp">
      <Filter>Header Files</Filter>
    </ClInclude>
    <ClInclude Include="Planning.hpp">
      <Filter>Header Files</Filter>
    </ClInclude>
    <ClInclude Include="Listing.hpp">
      <Filter>Header Files</Filter>
    </ClInclude>
    <ClInclude Include="Motorcycle.hpp">
      <Filter>Header Files</Filter>
    </ClInclude>
    <ClInclude Include="FFMpeg.hpp">
      <Filter>Header Files</Filter>
    </ClInclude>
    <ClInclude Include="ProblemSolving.hpp">
      <Filter>Header Files</Filter>
    </ClInclude>
    <ClInclude Include="Eating.hpp">
      <Filter>Header Files</Filter>
    </ClInclude>
    <ClInclude Include="Cooking.hpp">
      <Filter>Header Files</Filter>
    </ClInclude>
    <ClInclude Include="DrinkingGames.hpp">
      <Filter>Header Files</Filter>
    </ClInclude>
    <ClInclude Include="TexasHoldem.hpp">
      <Filter>Header Files</Filter>
    </ClInclude>
    <ClInclude Include="RemindersCool.hpp">
      <Filter>Header Files</Filter>
    </ClInclude>
    <ClInclude Include="Modes.hpp">
      <Filter>Header Files</Filter>
    </ClInclude>
    <ClInclude Include="College.hpp">
      <Filter>Header Files</Filter>
    </ClInclude>
    <ClInclude Include="HighSchool.hpp">
      <Filter>Header Files</Filter>
    </ClInclude>
    <ClInclude Include="Farming.hpp">
      <Filter>Header Files</Filter>
    </ClInclude>
    <ClInclude Include="Mating.hpp">
      <Filter>Header Files</Filter>
    </ClInclude>
    <ClInclude Include="Business.hpp">
      <Filter>Header Files</Filter>
    </ClInclude>
    <ClInclude Include="Stare.hpp">
      <Filter>Header Files</Filter>
    </ClInclude>
    <ClInclude Include="Reason.hpp">
      <Filter>Header Files</Filter>
    </ClInclude>
    <ClInclude Include="LabelSemantics.hpp">
      <Filter>Header Files</Filter>
    </ClInclude>
    <ClInclude Include="TV.hpp">
      <Filter>Header Files</Filter>
    </ClInclude>
    <ClInclude Include="Study.hpp">
      <Filter>Header Files</Filter>
    </ClInclude>
    <ClInclude Include="Navigation.hpp">
      <Filter>Header Files</Filter>
    </ClInclude>
    <ClInclude Include="Counting.hpp">
      <Filter>Header Files</Filter>
    </ClInclude>
    <ClInclude Include="Attraction.hpp">
      <Filter>Header Files</Filter>
    </ClInclude>
    <ClInclude Include="Lecture.hpp">
      <Filter>Header Files</Filter>
    </ClInclude>
    <ClInclude Include="Operations.hpp">
      <Filter>Header Files</Filter>
    </ClInclude>
    <ClInclude Include="Hands.hpp">
      <Filter>Header Files</Filter>
    </ClInclude>
    <ClInclude Include="BeingState.hpp">
      <Filter>Header Files</Filter>
    </ClInclude>
    <ClInclude Include="Perception.hpp">
      <Filter>Header Files</Filter>
    </ClInclude>
    <ClInclude Include="Passion.hpp">
      <Filter>Header Files</Filter>
    </ClInclude>
    <ClInclude Include="Money.hpp">
      <Filter>Header Files</Filter>
    </ClInclude>
    <ClInclude Include="Pride.hpp">
      <Filter>Header Files</Filter>
    </ClInclude>
    <ClInclude Include="How.hpp">
      <Filter>Header Files</Filter>
    </ClInclude>
    <ClInclude Include="Who.hpp">
      <Filter>Header Files</Filter>
    </ClInclude>
    <ClInclude Include="Why.hpp">
      <Filter>Header Files</Filter>
    </ClInclude>
    <ClInclude Include="Personality.hpp">
      <Filter>Header Files</Filter>
    </ClInclude>
    <ClInclude Include="Generate.hpp">
      <Filter>Header Files</Filter>
    </ClInclude>
    <ClInclude Include="Rule.hpp">
      <Filter>Header Files</Filter>
    </ClInclude>
    <ClInclude Include="Running.hpp">
      <Filter>Header Files</Filter>
    </ClInclude>
    <ClInclude Include="Walking.hpp">
      <Filter>Header Files</Filter>
    </ClInclude>
    <ClInclude Include="Acting.hpp">
      <Filter>Header Files</Filter>
    </ClInclude>
    <ClInclude Include="Skate.hpp">
      <Filter>Header Files</Filter>
    </ClInclude>
    <ClInclude Include="NewWords.hpp">
      <Filter>Header Files</Filter>
    </ClInclude>
    <ClInclude Include="Summary.hpp">
      <Filter>Header Files</Filter>
    </ClInclude>
    <ClInclude Include="Leadership.hpp">
      <Filter>Header Files</Filter>
    </ClInclude>
    <ClInclude Include="Encryption.hpp">
      <Filter>Header Files</Filter>
    </ClInclude>
    <ClInclude Include="Passwords.hpp">
      <Filter>Header Files</Filter>
    </ClInclude>
    <ClInclude Include="Corrections.hpp">
      <Filter>Header Files</Filter>
    </ClInclude>
    <ClInclude Include="Directives.hpp">
      <Filter>Header Files</Filter>
    </ClInclude>
    <ClInclude Include="Instinct.hpp">
      <Filter>Header Files</Filter>
    </ClInclude>
    <ClInclude Include="Thought.hpp">
      <Filter>Header Files</Filter>
    </ClInclude>
    <ClInclude Include="Play.hpp">
      <Filter>Header Files</Filter>
    </ClInclude>
    <ClInclude Include="Sewing.hpp">
      <Filter>Header Files</Filter>
    </ClInclude>
    <ClInclude Include="Quilting.hpp">
      <Filter>Header Files</Filter>
    </ClInclude>
    <ClInclude Include="Recycle.hpp">
      <Filter>Header Files</Filter>
    </ClInclude>
    <ClInclude Include="Questions.hpp">
      <Filter>Header Files</Filter>
    </ClInclude>
    <ClInclude Include="Sudoku.hpp">
      <Filter>Header Files</Filter>
    </ClInclude>
    <ClInclude Include="AVX-512.hpp">
      <Filter>Header Files</Filter>
    </ClInclude>
    <ClInclude Include="WoT.hpp">
      <Filter>Header Files</Filter>
    </ClInclude>
    <ClInclude Include="Objective.hpp">
      <Filter>Header Files</Filter>
    </ClInclude>
  </ItemGroup>
  <ItemGroup>
    <ClCompile Include="Abuse.cpp">
      <Filter>Source Files</Filter>
    </ClCompile>
    <ClCompile Include="Actions.cpp">
      <Filter>Source Files</Filter>
    </ClCompile>
    <ClCompile Include="Analysis.cpp">
      <Filter>Source Files</Filter>
    </ClCompile>
    <ClCompile Include="Argument.cpp">
      <Filter>Source Files</Filter>
    </ClCompile>
    <ClCompile Include="AugmentedIntelligence.cpp">
      <Filter>Source Files</Filter>
    </ClCompile>
    <ClCompile Include="Awareness.cpp">
      <Filter>Source Files</Filter>
    </ClCompile>
    <ClCompile Include="Bias.cpp">
      <Filter>Source Files</Filter>
    </ClCompile>
    <ClCompile Include="Citations.cpp">
      <Filter>Source Files</Filter>
    </ClCompile>
    <ClCompile Include="Computers.cpp">
      <Filter>Source Files</Filter>
    </ClCompile>
    <ClCompile Include="CUDA.cpp">
      <Filter>Source Files</Filter>
    </ClCompile>
    <ClCompile Include="Database Functions.cpp">
      <Filter>Source Files</Filter>
    </ClCompile>
    <ClCompile Include="Directories.cpp">
      <Filter>Source Files</Filter>
    </ClCompile>
    <ClCompile Include="Drawing.cpp">
      <Filter>Source Files</Filter>
    </ClCompile>
    <ClCompile Include="Driving.cpp">
      <Filter>Source Files</Filter>
    </ClCompile>
    <ClCompile Include="EKG.cpp">
      <Filter>Source Files</Filter>
    </ClCompile>
    <ClCompile Include="Ethics.cpp">
      <Filter>Source Files</Filter>
    </ClCompile>
    <ClCompile Include="Executive Functions.cpp">
      <Filter>Source Files</Filter>
    </ClCompile>
    <ClCompile Include="Fallacy.cpp">
      <Filter>Source Files</Filter>
    </ClCompile>
    <ClCompile Include="Feel.cpp">
      <Filter>Source Files</Filter>
    </ClCompile>
    <ClCompile Include="Finance.cpp">
      <Filter>Source Files</Filter>
    </ClCompile>
    <ClCompile Include="FTPClient.cpp">
      <Filter>Source Files</Filter>
    </ClCompile>
    <ClCompile Include="Gaming.cpp">
      <Filter>Source Files</Filter>
    </ClCompile>
    <ClCompile Include="Goals.cpp">
      <Filter>Source Files</Filter>
    </ClCompile>
    <ClCompile Include="Heuristics.cpp">
      <Filter>Source Files</Filter>
    </ClCompile>
    <ClCompile Include="Home Database.cpp">
      <Filter>Source Files</Filter>
    </ClCompile>
    <ClCompile Include="Initialization.cpp">
      <Filter>Source Files</Filter>
    </ClCompile>
    <ClCompile Include="Keyboard.cpp">
      <Filter>Source Files</Filter>
    </ClCompile>
    <ClCompile Include="Kinesthetics.cpp">
      <Filter>Source Files</Filter>
    </ClCompile>
    <ClCompile Include="Large Language Models.cpp">
      <Filter>Source Files</Filter>
    </ClCompile>
    <ClCompile Include="Learning.cpp">
      <Filter>Source Files</Filter>
    </ClCompile>
    <ClCompile Include="Long-Term Memory.cpp">
      <Filter>Source Files</Filter>
    </ClCompile>
    <ClCompile Include="Mathematics.cpp">
      <Filter>Source Files</Filter>
    </ClCompile>
    <ClCompile Include="Mind.cpp">
      <Filter>Source Files</Filter>
    </ClCompile>
    <ClCompile Include="Mods.cpp">
      <Filter>Source Files</Filter>
    </ClCompile>
    <ClCompile Include="Morality.cpp">
      <Filter>Source Files</Filter>
    </ClCompile>
    <ClCompile Include="Mouse.cpp">
      <Filter>Source Files</Filter>
    </ClCompile>
    <ClCompile Include="Needs.cpp">
      <Filter>Source Files</Filter>
    </ClCompile>
    <ClCompile Include="NetworkingClient.cpp">
      <Filter>Source Files</Filter>
    </ClCompile>
    <ClCompile Include="NetworkingServer.cpp">
      <Filter>Source Files</Filter>
    </ClCompile>
    <ClCompile Include="NeuralLink.cpp">
      <Filter>Source Files</Filter>
    </ClCompile>
    <ClCompile Include="NLP.cpp">
      <Filter>Source Files</Filter>
    </ClCompile>
    <ClCompile Include="NLU.cpp">
      <Filter>Source Files</Filter>
    </ClCompile>
    <ClCompile Include="Parsers.cpp">
      <Filter>Source Files</Filter>
    </ClCompile>
    <ClCompile Include="Pathfinding.cpp">
      <Filter>Source Files</Filter>
    </ClCompile>
    <ClCompile Include="Pattern Recognition.cpp">
      <Filter>Source Files</Filter>
    </ClCompile>
    <ClCompile Include="Prediction.cpp">
      <Filter>Source Files</Filter>
    </ClCompile>
    <ClCompile Include="Programming.cpp">
      <Filter>Source Files</Filter>
    </ClCompile>
    <ClCompile Include="QA.cpp">
      <Filter>Source Files</Filter>
    </ClCompile>
    <ClCompile Include="Qualitative Reasoning.cpp">
      <Filter>Source Files</Filter>
    </ClCompile>
    <ClCompile Include="Quantitative Reasoning.cpp">
      <Filter>Source Files</Filter>
    </ClCompile>
    <ClCompile Include="Reading.cpp">
      <Filter>Source Files</Filter>
    </ClCompile>
    <ClCompile Include="Reference.cpp">
      <Filter>Source Files</Filter>
    </ClCompile>
    <ClCompile Include="Scrapers.cpp">
      <Filter>Source Files</Filter>
    </ClCompile>
    <ClCompile Include="ServerFunctions.cpp">
      <Filter>Source Files</Filter>
    </ClCompile>
    <ClCompile Include="Settings.cpp">
      <Filter>Source Files</Filter>
    </ClCompile>
    <ClCompile Include="Short-Term Memory.cpp">
      <Filter>Source Files</Filter>
    </ClCompile>
    <ClCompile Include="Smart Phone.cpp">
      <Filter>Source Files</Filter>
    </ClCompile>
    <ClCompile Include="Smell.cpp">
      <Filter>Source Files</Filter>
    </ClCompile>
    <ClCompile Include="Social.cpp">
      <Filter>Source Files</Filter>
    </ClCompile>
    <ClCompile Include="Sound.cpp">
      <Filter>Source Files</Filter>
    </ClCompile>
    <ClCompile Include="Speech.cpp">
      <Filter>Source Files</Filter>
    </ClCompile>
    <ClCompile Include="Speech Commands.cpp">
      <Filter>Source Files</Filter>
    </ClCompile>
    <ClCompile Include="SpeechRecognition.cpp">
      <Filter>Source Files</Filter>
    </ClCompile>
    <ClCompile Include="SpeechSynthesis.cpp">
      <Filter>Source Files</Filter>
    </ClCompile>
    <ClCompile Include="Sports.cpp">
      <Filter>Source Files</Filter>
    </ClCompile>
    <ClCompile Include="Stocks.cpp">
      <Filter>Source Files</Filter>
    </ClCompile>
    <ClCompile Include="Strategy.cpp">
      <Filter>Source Files</Filter>
    </ClCompile>
    <ClCompile Include="Tensorflow.cpp">
      <Filter>Source Files</Filter>
    </ClCompile>
    <ClCompile Include="Time.cpp">
      <Filter>Source Files</Filter>
    </ClCompile>
    <ClCompile Include="Translation.cpp">
      <Filter>Source Files</Filter>
    </ClCompile>
    <ClCompile Include="Typing.cpp">
      <Filter>Source Files</Filter>
    </ClCompile>
    <ClCompile Include="Utilities.cpp">
      <Filter>Source Files</Filter>
    </ClCompile>
    <ClCompile Include="Vision.cpp">
      <Filter>Source Files</Filter>
    </ClCompile>
    <ClCompile Include="WikiMedia.cpp">
      <Filter>Source Files</Filter>
    </ClCompile>
    <ClCompile Include="Wisdom.cpp">
      <Filter>Source Files</Filter>
    </ClCompile>
    <ClCompile Include="Working-Memory.cpp">
      <Filter>Source Files</Filter>
    </ClCompile>
    <ClCompile Include="Writing.cpp">
      <Filter>Source Files</Filter>
    </ClCompile>
    <ClCompile Include="Axioms.cpp">
      <Filter>Source Files</Filter>
    </ClCompile>
    <ClCompile Include="Listening.cpp">
      <Filter>Source Files</Filter>
    </ClCompile>
    <ClCompile Include="Ball.cpp">
      <Filter>Source Files</Filter>
    </ClCompile>
    <ClCompile Include="Watching.cpp">
      <Filter>Source Files</Filter>
    </ClCompile>
    <ClCompile Include="Objections.cpp">
      <Filter>Source Files</Filter>
    </ClCompile>
    <ClCompile Include="Law.cpp">
      <Filter>Source Files</Filter>
    </ClCompile>
    <ClCompile Include="Algebra.cpp">
      <Filter>Source Files</Filter>
    </ClCompile>
    <ClCompile Include="NumberTheory.cpp">
      <Filter>Source Files</Filter>
    </ClCompile>
    <ClCompile Include="Baseball.cpp">
      <Filter>Source Files</Filter>
    </ClCompile>
    <ClCompile Include="Football.cpp">
      <Filter>Source Files</Filter>
    </ClCompile>
    <ClCompile Include="Basketball.cpp">
      <Filter>Source Files</Filter>
    </ClCompile>
    <ClCompile Include="Chess.cpp">
      <Filter>Source Files</Filter>
    </ClCompile>
    <ClCompile Include="Cryptography.cpp">
      <Filter>Source Files</Filter>
    </ClCompile>
    <ClCompile Include="Ecology.cpp">
      <Filter>Source Files</Filter>
    </ClCompile>
    <ClCompile Include="GameTheory.cpp">
      <Filter>Source Files</Filter>
    </ClCompile>
    <ClCompile Include="Golf.cpp">
      <Filter>Source Files</Filter>
    </ClCompile>
    <ClCompile Include="Grammar.cpp">
      <Filter>Source Files</Filter>
    </ClCompile>
    <ClCompile Include="GraphTheory.cpp">
      <Filter>Source Files</Filter>
    </ClCompile>
    <ClCompile Include="Java.cpp">
      <Filter>Source Files</Filter>
    </ClCompile>
    <ClCompile Include="LinearAlgebra.cpp">
      <Filter>Source Files</Filter>
    </ClCompile>
    <ClCompile Include="Nautical.cpp">
      <Filter>Source Files</Filter>
    </ClCompile>
    <ClCompile Include="Neuroanatomy.cpp">
      <Filter>Source Files</Filter>
    </ClCompile>
    <ClCompile Include="Opera.cpp">
      <Filter>Source Files</Filter>
    </ClCompile>
    <ClCompile Include="Paintball.cpp">
      <Filter>Source Files</Filter>
    </ClCompile>
    <ClCompile Include="Philosophy.cpp">
      <Filter>Source Files</Filter>
    </ClCompile>
    <ClCompile Include="Pinball.cpp">
      <Filter>Source Files</Filter>
    </ClCompile>
    <ClCompile Include="WaterPolo.cpp">
      <Filter>Source Files</Filter>
    </ClCompile>
    <ClCompile Include="Poetry.cpp">
      <Filter>Source Files</Filter>
    </ClCompile>
    <ClCompile Include="Poker.cpp">
      <Filter>Source Files</Filter>
    </ClCompile>
    <ClCompile Include="Probability.cpp">
      <Filter>Source Files</Filter>
    </ClCompile>
    <ClCompile Include="Statistics.cpp">
      <Filter>Source Files</Filter>
    </ClCompile>
    <ClCompile Include="Psychiatry.cpp">
      <Filter>Source Files</Filter>
    </ClCompile>
    <ClCompile Include="Rhetoric.cpp">
      <Filter>Source Files</Filter>
    </ClCompile>
    <ClCompile Include="ScubaDiving.cpp">
      <Filter>Source Files</Filter>
    </ClCompile>
    <ClCompile Include="Sculpting.cpp">
      <Filter>Source Files</Filter>
    </ClCompile>
    <ClCompile Include="Semantics.cpp">
      <Filter>Source Files</Filter>
    </ClCompile>
    <ClCompile Include="Surfing.cpp">
      <Filter>Source Files</Filter>
    </ClCompile>
    <ClCompile Include="TextSpeak.cpp">
      <Filter>Source Files</Filter>
    </ClCompile>
    <ClCompile Include="Theatre.cpp">
      <Filter>Source Files</Filter>
    </ClCompile>
    <ClCompile Include="WoodWorking.cpp">
      <Filter>Source Files</Filter>
    </ClCompile>
    <ClCompile Include="C++.cpp">
      <Filter>Source Files</Filter>
    </ClCompile>
    <ClCompile Include="DifferentialEquations.cpp">
      <Filter>Source Files</Filter>
    </ClCompile>
    <ClCompile Include="MountainBiking.cpp">
      <Filter>Source Files</Filter>
    </ClCompile>
    <ClCompile Include="Geometry.cpp">
      <Filter>Source Files</Filter>
    </ClCompile>
    <ClCompile Include="Trigonometry.cpp">
      <Filter>Source Files</Filter>
    </ClCompile>
    <ClCompile Include="CollegeAlgebra.cpp">
      <Filter>Source Files</Filter>
    </ClCompile>
    <ClCompile Include="Calculus.cpp">
      <Filter>Source Files</Filter>
    </ClCompile>
    <ClCompile Include="Batch.cpp">
      <Filter>Source Files</Filter>
    </ClCompile>
    <ClCompile Include="Bash.cpp">
      <Filter>Source Files</Filter>
    </ClCompile>
    <ClCompile Include="Logic.cpp">
      <Filter>Source Files</Filter>
    </ClCompile>
    <ClCompile Include="ComputerScience.cpp">
      <Filter>Source Files</Filter>
    </ClCompile>
    <ClCompile Include="Parenting.cpp">
      <Filter>Source Files</Filter>
    </ClCompile>
    <ClCompile Include="ComputerHardware.cpp">
      <Filter>Source Files</Filter>
    </ClCompile>
    <ClCompile Include="Engineering.cpp">
      <Filter>Source Files</Filter>
    </ClCompile>
    <ClCompile Include="CivilEngineering.cpp">
      <Filter>Source Files</Filter>
    </ClCompile>
    <ClCompile Include="ElectricalEngineering.cpp">
      <Filter>Source Files</Filter>
    </ClCompile>
    <ClCompile Include="StructuralEngineering.cpp">
      <Filter>Source Files</Filter>
    </ClCompile>
    <ClCompile Include="AerospaceEngineering.cpp">
      <Filter>Source Files</Filter>
    </ClCompile>
    <ClCompile Include="MechanicalEngineering.cpp">
      <Filter>Source Files</Filter>
    </ClCompile>
    <ClCompile Include="Chemistry.cpp">
      <Filter>Source Files</Filter>
    </ClCompile>
    <ClCompile Include="Physics.cpp">
      <Filter>Source Files</Filter>
    </ClCompile>
    <ClCompile Include="Geology.cpp">
      <Filter>Source Files</Filter>
    </ClCompile>
    <ClCompile Include="Humor.cpp">
      <Filter>Source Files</Filter>
    </ClCompile>
    <ClCompile Include="Empathy.cpp">
      <Filter>Source Files</Filter>
    </ClCompile>
    <ClCompile Include="Intimacy.cpp">
      <Filter>Source Files</Filter>
    </ClCompile>
    <ClCompile Include="Politics.cpp">
      <Filter>Source Files</Filter>
    </ClCompile>
    <ClCompile Include="PoliticalScience.cpp">
      <Filter>Source Files</Filter>
    </ClCompile>
    <ClCompile Include="Marketing.cpp">
      <Filter>Source Files</Filter>
    </ClCompile>
    <ClCompile Include="Salsemanship.cpp">
      <Filter>Source Files</Filter>
    </ClCompile>
    <ClCompile Include="Biology.cpp">
      <Filter>Source Files</Filter>
    </ClCompile>
    <ClCompile Include="Property.cpp">
      <Filter>Source Files</Filter>
    </ClCompile>
    <ClCompile Include="Dating.cpp">
      <Filter>Source Files</Filter>
    </ClCompile>
    <ClCompile Include="SignificantOther.cpp">
      <Filter>Source Files</Filter>
    </ClCompile>
    <ClCompile Include="Soccer.cpp">
      <Filter>Source Files</Filter>
    </ClCompile>
    <ClCompile Include="Introspection.cpp">
      <Filter>Source Files</Filter>
    </ClCompile>
    <ClCompile Include="Coping.cpp">
      <Filter>Source Files</Filter>
    </ClCompile>
    <ClCompile Include="Directions.cpp">
      <Filter>Source Files</Filter>
    </ClCompile>
    <ClCompile Include="Python.cpp">
      <Filter>Source Files</Filter>
    </ClCompile>
    <ClCompile Include="Sleep.cpp">
      <Filter>Source Files</Filter>
    </ClCompile>
    <ClCompile Include="Camping.cpp">
      <Filter>Source Files</Filter>
    </ClCompile>
    <ClCompile Include="Values.cpp">
      <Filter>Source Files</Filter>
    </ClCompile>
    <ClCompile Include="Likes.cpp">
      <Filter>Source Files</Filter>
    </ClCompile>
    <ClCompile Include="Dislikes.cpp">
      <Filter>Source Files</Filter>
    </ClCompile>
    <ClCompile Include="Dance.cpp">
      <Filter>Source Files</Filter>
    </ClCompile>
    <ClCompile Include="Chores.cpp">
      <Filter>Source Files</Filter>
    </ClCompile>
    <ClCompile Include="Beauty.cpp">
      <Filter>Source Files</Filter>
    </ClCompile>
    <ClCompile Include="PersonalCare.cpp">
      <Filter>Source Files</Filter>
    </ClCompile>
    <ClCompile Include="WorldView.cpp">
      <Filter>Source Files</Filter>
    </ClCompile>
    <ClCompile Include="Calendar.cpp">
      <Filter>Source Files</Filter>
    </ClCompile>
    <ClCompile Include="Network.cpp">
      <Filter>Source Files</Filter>
    </ClCompile>
    <ClCompile Include="Networking.cpp">
      <Filter>Source Files</Filter>
    </ClCompile>
    <ClCompile Include="Internet.cpp">
      <Filter>Source Files</Filter>
    </ClCompile>
    <ClCompile Include="Swimming.cpp">
      <Filter>Source Files</Filter>
    </ClCompile>
    <ClCompile Include="Intuition.cpp">
      <Filter>Source Files</Filter>
    </ClCompile>
    <ClCompile Include="ArtificialIntelligence.cpp">
      <Filter>Source Files</Filter>
    </ClCompile>
    <ClCompile Include="Botany.cpp">
      <Filter>Source Files</Filter>
    </ClCompile>
    <ClCompile Include="Tennis.cpp">
      <Filter>Source Files</Filter>
    </ClCompile>
    <ClCompile Include="Volleyball.cpp">
      <Filter>Source Files</Filter>
    </ClCompile>
    <ClCompile Include="Photography.cpp">
      <Filter>Source Files</Filter>
    </ClCompile>
    <ClCompile Include="ProbabilityAndStatistics.cpp">
      <Filter>Source Files</Filter>
    </ClCompile>
    <ClCompile Include="PingPong.cpp">
      <Filter>Source Files</Filter>
    </ClCompile>
    <ClCompile Include="Geography.cpp">
      <Filter>Source Files</Filter>
    </ClCompile>
    <ClCompile Include="Darts.cpp">
      <Filter>Source Files</Filter>
    </ClCompile>
    <ClCompile Include="Billiards.cpp">
      <Filter>Source Files</Filter>
    </ClCompile>
    <ClCompile Include="Google.cpp">
      <Filter>Source Files</Filter>
    </ClCompile>
    <ClCompile Include="AdobePremierePro.cpp">
      <Filter>Source Files</Filter>
    </ClCompile>
    <ClCompile Include="AdobePhotoshop.cpp">
      <Filter>Source Files</Filter>
    </ClCompile>
    <ClCompile Include="AdobeInDesign.cpp">
      <Filter>Source Files</Filter>
    </ClCompile>
    <ClCompile Include="AdobeBridge.cpp">
      <Filter>Source Files</Filter>
    </ClCompile>
    <ClCompile Include="AdobeAfterEffects.cpp">
      <Filter>Source Files</Filter>
    </ClCompile>
    <ClCompile Include="AdobeIllustrator.cpp">
      <Filter>Source Files</Filter>
    </ClCompile>
    <ClCompile Include="AdobeDreamWeaver.cpp">
      <Filter>Source Files</Filter>
    </ClCompile>
    <ClCompile Include="AdobeMediaEncoder.cpp">
      <Filter>Source Files</Filter>
    </ClCompile>
    <ClCompile Include="AdobeAcrobat.cpp">
      <Filter>Source Files</Filter>
    </ClCompile>
    <ClCompile Include="MicrosoftAccess.cpp">
      <Filter>Source Files</Filter>
    </ClCompile>
    <ClCompile Include="MicrosoftExcel.cpp">
      <Filter>Source Files</Filter>
    </ClCompile>
    <ClCompile Include="MicrosoftOneNote.cpp">
      <Filter>Source Files</Filter>
    </ClCompile>
    <ClCompile Include="MicrosoftOutlook.cpp">
      <Filter>Source Files</Filter>
    </ClCompile>
    <ClCompile Include="MicrosoftWord.cpp">
      <Filter>Source Files</Filter>
    </ClCompile>
    <ClCompile Include="Economics.cpp">
      <Filter>Source Files</Filter>
    </ClCompile>
    <ClCompile Include="Medicine.cpp">
      <Filter>Source Files</Filter>
    </ClCompile>
    <ClCompile Include="MineCraft.cpp">
      <Filter>Source Files</Filter>
    </ClCompile>
    <ClCompile Include="Survival.cpp">
      <Filter>Source Files</Filter>
    </ClCompile>
    <ClCompile Include="Buttons.cpp">
      <Filter>Source Files</Filter>
    </ClCompile>
    <ClCompile Include="Whisper.cpp">
      <Filter>Source Files</Filter>
    </ClCompile>
    <ClCompile Include="grammar-parser.cpp">
      <Filter>Source Files</Filter>
    </ClCompile>
    <ClCompile Include="Psychology.cpp">
      <Filter>Source Files</Filter>
    </ClCompile>
    <ClCompile Include="Visual.cpp">
      <Filter>Source Files</Filter>
    </ClCompile>
    <ClCompile Include="Button.cpp">
      <Filter>Source Files</Filter>
    </ClCompile>
    <ClCompile Include="Bicycle.cpp">
      <Filter>Source Files</Filter>
    </ClCompile>
    <ClCompile Include="LiteratureDevices.cpp">
      <Filter>Source Files</Filter>
    </ClCompile>
    <ClCompile Include="Planning.cpp">
      <Filter>Source Files</Filter>
    </ClCompile>
    <ClCompile Include="Listing.cpp">
      <Filter>Source Files</Filter>
    </ClCompile>
    <ClCompile Include="Motorcycle.cpp">
      <Filter>Source Files</Filter>
    </ClCompile>
    <ClCompile Include="FFMpeg.cpp">
      <Filter>Source Files</Filter>
    </ClCompile>
    <ClCompile Include="ProblemSolving.cpp">
      <Filter>Source Files</Filter>
    </ClCompile>
    <ClCompile Include="Eating.cpp">
      <Filter>Source Files</Filter>
    </ClCompile>
    <ClCompile Include="Cooking.cpp">
      <Filter>Source Files</Filter>
    </ClCompile>
    <ClCompile Include="DrinkingGames.cpp">
      <Filter>Source Files</Filter>
    </ClCompile>
    <ClCompile Include="RemindersCool.cpp">
      <Filter>Source Files</Filter>
    </ClCompile>
    <ClCompile Include="Modes.cpp">
      <Filter>Source Files</Filter>
    </ClCompile>
    <ClCompile Include="Defense.cpp">
      <Filter>Source Files</Filter>
    </ClCompile>
    <ClCompile Include="HighSchool.cpp">
      <Filter>Source Files</Filter>
    </ClCompile>
    <ClCompile Include="College.cpp">
      <Filter>Source Files</Filter>
    </ClCompile>
    <ClCompile Include="Farming.cpp">
      <Filter>Source Files</Filter>
    </ClCompile>
    <ClCompile Include="Mating.cpp">
      <Filter>Source Files</Filter>
    </ClCompile>
    <ClCompile Include="Business.cpp">
      <Filter>Source Files</Filter>
    </ClCompile>
    <ClCompile Include="Stare.cpp">
      <Filter>Source Files</Filter>
    </ClCompile>
    <ClCompile Include="Reason.cpp">
      <Filter>Source Files</Filter>
    </ClCompile>
    <ClCompile Include="LabelSemantics.cpp">
      <Filter>Source Files</Filter>
    </ClCompile>
    <ClCompile Include="TV.cpp">
      <Filter>Source Files</Filter>
    </ClCompile>
    <ClCompile Include="Study.cpp">
      <Filter>Source Files</Filter>
    </ClCompile>
    <ClCompile Include="Navigation.cpp">
      <Filter>Source Files</Filter>
    </ClCompile>
    <ClCompile Include="Counting.cpp">
      <Filter>Source Files</Filter>
    </ClCompile>
    <ClCompile Include="Attraction.cpp">
      <Filter>Source Files</Filter>
    </ClCompile>
    <ClCompile Include="Lecture.cpp">
      <Filter>Source Files</Filter>
    </ClCompile>
    <ClCompile Include="Hands.cpp">
      <Filter>Source Files</Filter>
    </ClCompile>
    <ClCompile Include="BeingState.cpp">
      <Filter>Source Files</Filter>
    </ClCompile>
    <ClCompile Include="Perception.cpp">
      <Filter>Source Files</Filter>
    </ClCompile>
    <ClCompile Include="Passion.cpp">
      <Filter>Source Files</Filter>
    </ClCompile>
    <ClCompile Include="Money.cpp">
      <Filter>Source Files</Filter>
    </ClCompile>
    <ClCompile Include="Pride.cpp">
      <Filter>Source Files</Filter>
    </ClCompile>
    <ClCompile Include="How.cpp">
      <Filter>Source Files</Filter>
    </ClCompile>
    <ClCompile Include="Who.cpp">
      <Filter>Source Files</Filter>
    </ClCompile>
    <ClCompile Include="Why.cpp">
      <Filter>Source Files</Filter>
    </ClCompile>
    <ClCompile Include="Personality.cpp">
      <Filter>Source Files</Filter>
    </ClCompile>
    <ClCompile Include="Generate.cpp">
      <Filter>Source Files</Filter>
    </ClCompile>
    <ClCompile Include="Rule.cpp">
      <Filter>Source Files</Filter>
    </ClCompile>
    <ClCompile Include="Running.cpp">
      <Filter>Source Files</Filter>
    </ClCompile>
    <ClCompile Include="Walking.cpp">
      <Filter>Source Files</Filter>
    </ClCompile>
    <ClCompile Include="Acting.cpp">
      <Filter>Source Files</Filter>
    </ClCompile>
    <ClCompile Include="Skate.cpp">
      <Filter>Source Files</Filter>
    </ClCompile>
    <ClCompile Include="TexasHoldem.cpp">
      <Filter>Source Files</Filter>
    </ClCompile>
    <ClCompile Include="Hunting.cpp">
      <Filter>Source Files</Filter>
    </ClCompile>
    <ClCompile Include="NewWords.cpp">
      <Filter>Source Files</Filter>
    </ClCompile>
    <ClCompile Include="Summary.cpp">
      <Filter>Source Files</Filter>
    </ClCompile>
    <ClCompile Include="Music.cpp">
      <Filter>Source Files</Filter>
    </ClCompile>
    <ClCompile Include="Leadership.cpp">
      <Filter>Source Files</Filter>
    </ClCompile>
    <ClCompile Include="Encryption.cpp">
      <Filter>Source Files</Filter>
    </ClCompile>
    <ClCompile Include="Passwords.cpp">
      <Filter>Source Files</Filter>
    </ClCompile>
    <ClCompile Include="Directives.cpp">
      <Filter>Source Files</Filter>
    </ClCompile>
    <ClCompile Include="Instinct.cpp">
      <Filter>Source Files</Filter>
    </ClCompile>
    <ClCompile Include="Thought.cpp">
      <Filter>Source Files</Filter>
    </ClCompile>
    <ClCompile Include="Cognition.cpp">
      <Filter>Source Files</Filter>
    </ClCompile>
    <ClCompile Include="Play.cpp">
      <Filter>Source Files</Filter>
    </ClCompile>
    <ClCompile Include="Validation.cpp">
      <Filter>Source Files</Filter>
    </ClCompile>
    <ClCompile Include="Sewing.cpp">
      <Filter>Source Files</Filter>
    </ClCompile>
    <ClCompile Include="Quilting.cpp">
      <Filter>Source Files</Filter>
    </ClCompile>
    <ClCompile Include="Recycle.cpp">
      <Filter>Source Files</Filter>
    </ClCompile>
    <ClCompile Include="Questions.cpp">
      <Filter>Source Files</Filter>
    </ClCompile>
    <ClCompile Include="Sudoku.cpp">
      <Filter>Source Files</Filter>
    </ClCompile>
    <ClCompile Include="AVX-512.cpp">
      <Filter>Source Files</Filter>
    </ClCompile>
    <ClCompile Include="WoT.cpp">
      <Filter>Source Files</Filter>
    </ClCompile>
    <ClCompile Include="Objective.cpp">
      <Filter>Source Files</Filter>
    </ClCompile>
  </ItemGroup>
</Project>