<?xml version="1.0" encoding="utf-8"?>
<Project ToolsVersion="4.0" xmlns="http://schemas.microsoft.com/developer/msbuild/2003">
  <ItemGroup>
    <Filter Include="Source Files">
      <UniqueIdentifier>{4FC737F1-C7A5-4376-A066-2A32D752A2FF}</UniqueIdentifier>
      <Extensions>cpp;c;cc;cxx;c++;def;odl;idl;hpj;bat;asm;asmx</Extensions>
    </Filter>
    <Filter Include="Header Files">
      <UniqueIdentifier>{93995380-89BD-4b04-88EB-625FBE52EBFB}</UniqueIdentifier>
      <Extensions>h;hh;hpp;hxx;h++;hm;inl;inc;ipp;xsd</Extensions>
    </Filter>
    <Filter Include="Resource Files">
      <UniqueIdentifier>{67DA6AB6-F800-4c08-8B7A-83BB121AAD01}</UniqueIdentifier>
      <Extensions>rc;ico;cur;bmp;dlg;rc2;rct;bin;rgs;gif;jpg;jpeg;jpe;resx;tiff;tif;png;wav;mfcribbon-ms</Extensions>
    </Filter>
  </ItemGroup>
  <ItemGroup>
    <ClCompile Include="AugmentedIntelligence.cpp">
      <Filter>Source Files</Filter>
    </ClCompile>
    <ClCompile Include="Argument.cpp">
      <Filter>Source Files</Filter>
    </ClCompile>
    <ClCompile Include="Computer.cpp">
      <Filter>Source Files</Filter>
    </ClCompile>
    <ClCompile Include="Database Functions.cpp">
      <Filter>Source Files</Filter>
    </ClCompile>
    <ClCompile Include="Ethics.cpp">
      <Filter>Source Files</Filter>
    </ClCompile>
    <ClCompile Include="Home Database.cpp">
      <Filter>Source Files</Filter>
    </ClCompile>
    <ClCompile Include="Learning.cpp">
      <Filter>Source Files</Filter>
    </ClCompile>
    <ClCompile Include="Long-Term Memory.cpp">
      <Filter>Source Files</Filter>
    </ClCompile>
    <ClCompile Include="Reading.cpp">
      <Filter>Source Files</Filter>
    </ClCompile>
    <ClCompile Include="Sound.cpp">
      <Filter>Source Files</Filter>
    </ClCompile>
    <ClCompile Include="Speaking.cpp">
      <Filter>Source Files</Filter>
    </ClCompile>
    <ClCompile Include="Time.cpp">
      <Filter>Source Files</Filter>
    </ClCompile>
    <ClCompile Include="Typing.cpp">
      <Filter>Source Files</Filter>
    </ClCompile>
    <ClCompile Include="Utilities.cpp">
      <Filter>Source Files</Filter>
    </ClCompile>
    <ClCompile Include="Vision.cpp">
      <Filter>Source Files</Filter>
    </ClCompile>
    <ClCompile Include="Writing.cpp">
      <Filter>Source Files</Filter>
    </ClCompile>
    <ClCompile Include="ServerFunctions.cpp">
      <Filter>Source Files</Filter>
    </ClCompile>
    <ClCompile Include="Short-Term Memory.cpp">
      <Filter>Source Files</Filter>
    </ClCompile>
    <ClCompile Include="Gaming.cpp">
      <Filter>Source Files</Filter>
    </ClCompile>
    <ClCompile Include="Settings.cpp">
      <Filter>Source Files</Filter>
    </ClCompile>
    <ClCompile Include="Smart Phone.cpp">
      <Filter>Source Files</Filter>
    </ClCompile>
    <ClCompile Include="Driving.cpp">
      <Filter>Source Files</Filter>
    </ClCompile>
    <ClCompile Include="Heuristics.cpp">
      <Filter>Source Files</Filter>
    </ClCompile>
    <ClCompile Include="NetworkingClient.cpp">
      <Filter>Source Files</Filter>
    </ClCompile>
    <ClCompile Include="NetworkingServer.cpp">
      <Filter>Source Files</Filter>
    </ClCompile>
    <ClCompile Include="Bias.cpp">
      <Filter>Source Files</Filter>
    </ClCompile>
    <ClCompile Include="Fallacy.cpp">
      <Filter>Source Files</Filter>
    </ClCompile>
    <ClCompile Include="Mathematics.cpp">
      <Filter>Source Files</Filter>
    </ClCompile>
    <ClCompile Include="Working-Memory.cpp">
      <Filter>Source Files</Filter>
    </ClCompile>
    <ClCompile Include="NeuralLink.cpp">
      <Filter>Source Files</Filter>
    </ClCompile>
    <ClCompile Include="EKG.cpp">
      <Filter>Source Files</Filter>
    </ClCompile>
    <ClCompile Include="Mind.cpp">
      <Filter>Source Files</Filter>
    </ClCompile>
    <ClCompile Include="NLU.cpp">
      <Filter>Source Files</Filter>
    </ClCompile>
    <ClCompile Include="NLP.cpp">
      <Filter>Source Files</Filter>
    </ClCompile>
    <ClCompile Include="Mods.cpp">
      <Filter>Source Files</Filter>
    </ClCompile>
    <ClCompile Include="Actions.cpp">
      <Filter>Source Files</Filter>
    </ClCompile>
    <ClCompile Include="Analysis.cpp">
      <Filter>Source Files</Filter>
    </ClCompile>
    <ClCompile Include="WikiMedia.cpp">
      <Filter>Source Files</Filter>
    </ClCompile>
    <ClCompile Include="Needs.cpp">
      <Filter>Source Files</Filter>
    </ClCompile>
    <ClCompile Include="Social.cpp">
      <Filter>Source Files</Filter>
    </ClCompile>
    <ClCompile Include="Executive Functions.cpp">
      <Filter>Source Files</Filter>
    </ClCompile>
    <ClCompile Include="SpeechRecognition.cpp">
      <Filter>Source Files</Filter>
    </ClCompile>
    <ClCompile Include="Scrapers.cpp">
      <Filter>Source Files</Filter>
    </ClCompile>
    <ClCompile Include="Pattern Recognition.cpp">
      <Filter>Source Files</Filter>
    </ClCompile>
    <ClCompile Include="Reference.cpp">
      <Filter>Source Files</Filter>
    </ClCompile>
    <ClCompile Include="Directories.cpp">
      <Filter>Source Files</Filter>
    </ClCompile>
    <ClCompile Include="Parsers.cpp">
      <Filter>Source Files</Filter>
    </ClCompile>
    <ClCompile Include="Programming.cpp">
      <Filter>Source Files</Filter>
    </ClCompile>
    <ClCompile Include="CUDA.cpp">
      <Filter>Source Files</Filter>
    </ClCompile>
    <ClCompile Include="Sports.cpp">
      <Filter>Source Files</Filter>
    </ClCompile>
    <ClCompile Include="Tensorflow.cpp">
      <Filter>Source Files</Filter>
    </ClCompile>
    <ClCompile Include="Feel.cpp">
      <Filter>Source Files</Filter>
    </ClCompile>
    <ClCompile Include="Smell.cpp">
      <Filter>Source Files</Filter>
    </ClCompile>
    <ClCompile Include="Awareness.cpp">
      <Filter>Source Files</Filter>
    </ClCompile>
    <ClCompile Include="Kinesthetics.cpp">
      <Filter>Source Files</Filter>
    </ClCompile>
    <ClCompile Include="Quantitative Reasoning.cpp">
      <Filter>Source Files</Filter>
    </ClCompile>
    <ClCompile Include="Qualitative Reasoning.cpp">
      <Filter>Source Files</Filter>
    </ClCompile>
    <ClCompile Include="Prediction.cpp">
      <Filter>Source Files</Filter>
    </ClCompile>
    <ClCompile Include="Logic.cpp">
      <Filter>Source Files</Filter>
    </ClCompile>
    <ClCompile Include="Drawing.cpp">
      <Filter>Source Files</Filter>
    </ClCompile>
    <ClCompile Include="Citations.cpp">
      <Filter>Source Files</Filter>
    </ClCompile>
    <ClCompile Include="Initialization.cpp">
      <Filter>Source Files</Filter>
    </ClCompile>
    <ClCompile Include="Abuse.cpp">
      <Filter>Source Files</Filter>
    </ClCompile>
    <ClCompile Include="Natural Language Models.cpp">
      <Filter>Source Files</Filter>
    </ClCompile>
    <ClCompile Include="Strategy.cpp">
      <Filter>Source Files</Filter>
    </ClCompile>
    <ClCompile Include="Mouse.cpp">
      <Filter>Source Files</Filter>
    </ClCompile>
    <ClCompile Include="Keyboard.cpp">
      <Filter>Source Files</Filter>
    </ClCompile>
  </ItemGroup>
  <ItemGroup>
    <ClInclude Include="AugmentedIntelligence.h">
      <Filter>Header Files</Filter>
    </ClInclude>
    <ClInclude Include="Settings.h">
      <Filter>Header Files</Filter>
    </ClInclude>
    <ClInclude Include="MySQL Settings.h">
      <Filter>Header Files</Filter>
    </ClInclude>
    <ClInclude Include="Computers.h">
      <Filter>Header Files</Filter>
    </ClInclude>
    <ClInclude Include="FTPSettings.h">
      <Filter>Header Files</Filter>
    </ClInclude>
    <ClInclude Include="NLP.h">
      <Filter>Header Files</Filter>
    </ClInclude>
    <ClInclude Include="NLU.h">
      <Filter>Header Files</Filter>
    </ClInclude>
    <ClInclude Include="Fallacies.h">
      <Filter>Header Files</Filter>
    </ClInclude>
    <ClInclude Include="Bias.h">
      <Filter>Header Files</Filter>
    </ClInclude>
    <ClInclude Include="Driving.h">
      <Filter>Header Files</Filter>
    </ClInclude>
    <ClInclude Include="Reference.h">
      <Filter>Header Files</Filter>
    </ClInclude>
    <ClInclude Include="Variables.h">
      <Filter>Header Files</Filter>
    </ClInclude>
    <ClInclude Include="Directories.h">
      <Filter>Header Files</Filter>
    </ClInclude>
    <ClInclude Include="Short-Term Memory.h">
      <Filter>Header Files</Filter>
    </ClInclude>
    <ClInclude Include="Working-Memory.h">
      <Filter>Header Files</Filter>
    </ClInclude>
    <ClInclude Include="Long-Term Memory.h">
      <Filter>Header Files</Filter>
    </ClInclude>
    <ClInclude Include="Mathematics.h">
      <Filter>Header Files</Filter>
    </ClInclude>
    <ClInclude Include="Actions.h">
      <Filter>Header Files</Filter>
    </ClInclude>
    <ClInclude Include="Heuristics.h">
      <Filter>Header Files</Filter>
    </ClInclude>
    <ClInclude Include="Learning.h">
      <Filter>Header Files</Filter>
    </ClInclude>
    <ClInclude Include="Database Functions.h">
      <Filter>Header Files</Filter>
    </ClInclude>
    <ClInclude Include="Vision.h">
      <Filter>Header Files</Filter>
    </ClInclude>
    <ClInclude Include="Sound.h">
      <Filter>Header Files</Filter>
    </ClInclude>
    <ClInclude Include="Utilities.h">
      <Filter>Header Files</Filter>
    </ClInclude>
    <ClInclude Include="Analysis.h">
      <Filter>Header Files</Filter>
    </ClInclude>
    <ClInclude Include="EKG.h">
      <Filter>Header Files</Filter>
    </ClInclude>
    <ClInclude Include="Ethics.h">
      <Filter>Header Files</Filter>
    </ClInclude>
    <ClInclude Include="Executive Functions.h">
      <Filter>Header Files</Filter>
    </ClInclude>
    <ClInclude Include="Gaming.h">
      <Filter>Header Files</Filter>
    </ClInclude>
    <ClInclude Include="Home Database.h">
      <Filter>Header Files</Filter>
    </ClInclude>
    <ClInclude Include="Mind.h">
      <Filter>Header Files</Filter>
    </ClInclude>
    <ClInclude Include="Mods.h">
      <Filter>Header Files</Filter>
    </ClInclude>
    <ClInclude Include="Needs.h">
      <Filter>Header Files</Filter>
    </ClInclude>
    <ClInclude Include="NetworkingClient.h">
      <Filter>Header Files</Filter>
    </ClInclude>
    <ClInclude Include="NetworkingServer.h">
      <Filter>Header Files</Filter>
    </ClInclude>
    <ClInclude Include="NeuraLink.h">
      <Filter>Header Files</Filter>
    </ClInclude>
    <ClInclude Include="Pattern Recognition.h">
      <Filter>Header Files</Filter>
    </ClInclude>
    <ClInclude Include="Reading.h">
      <Filter>Header Files</Filter>
    </ClInclude>
    <ClInclude Include="Scrapers.h">
      <Filter>Header Files</Filter>
    </ClInclude>
    <ClInclude Include="Server Functions.h">
      <Filter>Header Files</Filter>
    </ClInclude>
    <ClInclude Include="Smart Phone.h">
      <Filter>Header Files</Filter>
    </ClInclude>
    <ClInclude Include="Social.h">
      <Filter>Header Files</Filter>
    </ClInclude>
    <ClInclude Include="Speech Recognition.h">
      <Filter>Header Files</Filter>
    </ClInclude>
    <ClInclude Include="Time.h">
      <Filter>Header Files</Filter>
    </ClInclude>
    <ClInclude Include="Typing.h">
      <Filter>Header Files</Filter>
    </ClInclude>
    <ClInclude Include="WikiMedia.h">
      <Filter>Header Files</Filter>
    </ClInclude>
    <ClInclude Include="Writing.h">
      <Filter>Header Files</Filter>
    </ClInclude>
    <ClInclude Include="Speaking.h">
      <Filter>Header Files</Filter>
    </ClInclude>
    <ClInclude Include="Argument.h">
      <Filter>Header Files</Filter>
    </ClInclude>
    <ClInclude Include="Parsers.h">
      <Filter>Header Files</Filter>
    </ClInclude>
    <ClInclude Include="Programming.h">
      <Filter>Header Files</Filter>
    </ClInclude>
    <ClInclude Include="CUDA.h">
      <Filter>Header Files</Filter>
    </ClInclude>
    <ClInclude Include="Sports.h">
      <Filter>Header Files</Filter>
    </ClInclude>
    <ClInclude Include="Tensorflow.h">
      <Filter>Header Files</Filter>
    </ClInclude>
    <ClInclude Include="Feel.h">
      <Filter>Header Files</Filter>
    </ClInclude>
    <ClInclude Include="Smell.h">
      <Filter>Header Files</Filter>
    </ClInclude>
    <ClInclude Include="Awareness.h">
      <Filter>Header Files</Filter>
    </ClInclude>
    <ClInclude Include="Kinesthetics.h">
      <Filter>Header Files</Filter>
    </ClInclude>
    <ClInclude Include="Qualitative Reasoning.h">
      <Filter>Header Files</Filter>
    </ClInclude>
    <ClInclude Include="Quantitative Reasoning.h">
      <Filter>Header Files</Filter>
    </ClInclude>
    <ClInclude Include="Prediction.h">
      <Filter>Header Files</Filter>
    </ClInclude>
    <ClInclude Include="Logic.h">
      <Filter>Header Files</Filter>
    </ClInclude>
    <ClInclude Include="Drawing.h">
      <Filter>Header Files</Filter>
    </ClInclude>
    <ClInclude Include="Citations.h">
      <Filter>Header Files</Filter>
    </ClInclude>
    <ClInclude Include="Abuse.h">
      <Filter>Header Files</Filter>
    </ClInclude>
    <ClInclude Include="Natural Language Models.h">
      <Filter>Header Files</Filter>
    </ClInclude>
    <ClInclude Include="Strategy.h">
      <Filter>Header Files</Filter>
    </ClInclude>
    <ClInclude Include="Mouse.h">
      <Filter>Header Files</Filter>
    </ClInclude>
    <ClInclude Include="Keyboard.h">
      <Filter>Header Files</Filter>
    </ClInclude>
  </ItemGroup>
  <ItemGroup>
    <None Include="Settings.cfg">
      <Filter>Source Files</Filter>
    </None>
    <None Include="ftp_settings.cfg">
      <Filter>Source Files</Filter>
    </None>
  </ItemGroup>
  <ItemGroup>
    <Text Include="FFMPEG LICENSE">
      <Filter>Source Files</Filter>
    </Text>
    <Text Include="Tesseract_LICENSE">
      <Filter>Source Files</Filter>
    </Text>
    <Text Include="TensorFlow_LICENSE">
      <Filter>Source Files</Filter>
    </Text>
    <Text Include="OpenCV_LICENSE">
      <Filter>Source Files</Filter>
    </Text>
    <Text Include="Leptonica_LICENSE">
      <Filter>Source Files</Filter>
    </Text>
    <Text Include="cURL_LICENSE.txt">
      <Filter>Source Files</Filter>
    </Text>
    <Text Include="MOZILLA_DEEPSPEECH_LICENSE.txt">
      <Filter>Source Files</Filter>
    </Text>
  </ItemGroup>
</Project>