
Microsoft Visual Studio Solution File, Format Version 12.00
# Visual Studio Version 17
VisualStudioVersion = 17.1.32228.430
MinimumVisualStudioVersion = 10.0.40219.1
Project("{8BC9CEB8-8B4A-11D0-8D11-00A0C91BC942}") = "AugmentedIntelligence", "AugmentedIntelligence.vcxproj", "{6A4A43DE-7828-4576-BE95-4013FCFA12F6}"
EndProject
Project("{8BC9CEB8-8B4A-11D0-8D11-00A0C91BC942}") = "AIServerManager", "..\_Server\AIServerManager\AIServerManager.vcxproj", "{C72D3032-84D1-4DE0-8B8B-1CF9214133BD}"
EndProject
Project("{8BC9CEB8-8B4A-11D0-8D11-00A0C91BC942}") = "CUDAServer", "..\_CUDA\CUDAServer\CUDAServer.vcxproj", "{0CE82043-5142-49BD-AE77-5BDFAE83377D}"
EndProject
Project("{2150E333-8FDC-42A3-9474-1A3956D46DE8}") = "_AugmentedIntelligenceAndroid", "_AugmentedIntelligenceAndroid", "{056F0DAF-6241-4B9F-BB02-F2B0AA9BF9FA}"
EndProject
Project("{39E2626F-3545-4960-A6E8-258AD8476CE5}") = "_AugmentedIntelligenceAndroid.Packaging", "..\_AugmentedIntelligenceAndroid\_AugmentedIntelligenceAndroid.Packaging\_AugmentedIntelligenceAndroid.Packaging.androidproj", "{F05235B0-4248-4F8E-8C4E-F7A85429FC26}"
EndProject
Project("{8BC9CEB8-8B4A-11D0-8D11-00A0C91BC942}") = "_AugmentedIntelligenceAndroid.NativeActivity", "..\_AugmentedIntelligenceAndroid\_AugmentedIntelligenceAndroid.NativeActivity\_AugmentedIntelligenceAndroid.NativeActivity.vcxproj", "{DF372B9B-16FD-49AD-BD89-EAAA6866C037}"
EndProject
Project("{8BC9CEB8-8B4A-11D0-8D11-00A0C91BC942}") = "ComputeClientWindows", "..\_ComputeClient\_Windows\ComputeClientWindows\ComputeClientWindows.vcxproj", "{78D56FCF-4C7F-4971-AB07-C5A13636AD46}"
EndProject
Project("{8BC9CEB8-8B4A-11D0-8D11-00A0C91BC942}") = "ComputeClientLinux", "..\_ComputeClient\_Linux\ComputeClientLinux\ComputeClientLinux.vcxproj", "{F187FD89-82A3-47B6-B1ED-3DF68C3AEA0C}"
EndProject
Project("{8BC9CEB8-8B4A-11D0-8D11-00A0C91BC942}") = "ComputingHelperWindows", "..\ComputingHelperWindows\ComputingHelperWindows.vcxproj", "{447B44DE-7008-4130-9FC2-1B7ACF29E317}"
EndProject
Project("{8BC9CEB8-8B4A-11D0-8D11-00A0C91BC942}") = "ComputingHelperLinux", "..\_ComputingHelper\_Linux2\ComputingHelperLinux\ComputingHelperLinux.vcxproj", "{20A68B42-3337-4967-B54F-BA2A7B275716}"
EndProject
Project("{8BC9CEB8-8B4A-11D0-8D11-00A0C91BC942}") = "OpenImagesDownloader", "..\OpenImages\OpenImagesDownloader\OpenImagesDownloader.vcxproj", "{740841AC-383E-4B99-B58E-C3EF4FF8EBFB}"
EndProject
Project("{8BC9CEB8-8B4A-11D0-8D11-00A0C91BC942}") = "OpenImagesTSV", "..\OpenImages\TSV Downloader\OpenImagesTSV\OpenImagesTSV.vcxproj", "{E6D9FBC5-DDEE-4CFA-A2D6-E305E83460B1}"
EndProject
Project("{8BC9CEB8-8B4A-11D0-8D11-00A0C91BC942}") = "RemoveUnicodeFilenames", "..\RemoveUnicodeFilenames\RemoveUnicodeFilenames.vcxproj", "{B737B1F8-A204-422F-B422-F5C2FD0FBD65}"
EndProject
Project("{8BC9CEB8-8B4A-11D0-8D11-00A0C91BC942}") = "TextFormatFix", "..\TextFormatFix\TextFormatFix.vcxproj", "{21820433-FFFA-4F2C-BE8E-AEFFA84872C4}"
EndProject
Project("{8BC9CEB8-8B4A-11D0-8D11-00A0C91BC942}") = "ObjectDetectionGames", "..\ObjectDetectionGames\ObjectDetectionGames.vcxproj", "{292F1977-1903-4B89-B4A7-A2AF070FC419}"
EndProject
Global
	GlobalSection(SolutionConfigurationPlatforms) = preSolution
		Debug|ARM = Debug|ARM
		Debug|ARM64 = Debug|ARM64
		Debug|x64 = Debug|x64
		Debug|x86 = Debug|x86
		Release|ARM = Release|ARM
		Release|ARM64 = Release|ARM64
		Release|x64 = Release|x64
		Release|x86 = Release|x86
	EndGlobalSection
	GlobalSection(ProjectConfigurationPlatforms) = postSolution
		{6A4A43DE-7828-4576-BE95-4013FCFA12F6}.Debug|ARM.ActiveCfg = Debug|Win32
		{6A4A43DE-7828-4576-BE95-4013FCFA12F6}.Debug|ARM64.ActiveCfg = Debug|Win32
		{6A4A43DE-7828-4576-BE95-4013FCFA12F6}.Debug|x64.ActiveCfg = Debug|x64
		{6A4A43DE-7828-4576-BE95-4013FCFA12F6}.Debug|x64.Build.0 = Debug|x64
		{6A4A43DE-7828-4576-BE95-4013FCFA12F6}.Debug|x86.ActiveCfg = Debug|Win32
		{6A4A43DE-7828-4576-BE95-4013FCFA12F6}.Debug|x86.Build.0 = Debug|Win32
		{6A4A43DE-7828-4576-BE95-4013FCFA12F6}.Release|ARM.ActiveCfg = Release|Win32
		{6A4A43DE-7828-4576-BE95-4013FCFA12F6}.Release|ARM64.ActiveCfg = Release|Win32
		{6A4A43DE-7828-4576-BE95-4013FCFA12F6}.Release|x64.ActiveCfg = Release|x64
		{6A4A43DE-7828-4576-BE95-4013FCFA12F6}.Release|x64.Build.0 = Release|x64
		{6A4A43DE-7828-4576-BE95-4013FCFA12F6}.Release|x86.ActiveCfg = Release|Win32
		{6A4A43DE-7828-4576-BE95-4013FCFA12F6}.Release|x86.Build.0 = Release|Win32
		{C72D3032-84D1-4DE0-8B8B-1CF9214133BD}.Debug|ARM.ActiveCfg = Debug|Win32
		{C72D3032-84D1-4DE0-8B8B-1CF9214133BD}.Debug|ARM64.ActiveCfg = Debug|Win32
		{C72D3032-84D1-4DE0-8B8B-1CF9214133BD}.Debug|x64.ActiveCfg = Debug|x64
		{C72D3032-84D1-4DE0-8B8B-1CF9214133BD}.Debug|x64.Build.0 = Debug|x64
		{C72D3032-84D1-4DE0-8B8B-1CF9214133BD}.Debug|x86.ActiveCfg = Debug|Win32
		{C72D3032-84D1-4DE0-8B8B-1CF9214133BD}.Debug|x86.Build.0 = Debug|Win32
		{C72D3032-84D1-4DE0-8B8B-1CF9214133BD}.Release|ARM.ActiveCfg = Release|Win32
		{C72D3032-84D1-4DE0-8B8B-1CF9214133BD}.Release|ARM64.ActiveCfg = Release|Win32
		{C72D3032-84D1-4DE0-8B8B-1CF9214133BD}.Release|x64.ActiveCfg = Release|x64
		{C72D3032-84D1-4DE0-8B8B-1CF9214133BD}.Release|x64.Build.0 = Release|x64
		{C72D3032-84D1-4DE0-8B8B-1CF9214133BD}.Release|x86.ActiveCfg = Release|Win32
		{C72D3032-84D1-4DE0-8B8B-1CF9214133BD}.Release|x86.Build.0 = Release|Win32
		{0CE82043-5142-49BD-AE77-5BDFAE83377D}.Debug|ARM.ActiveCfg = Debug|Win32
		{0CE82043-5142-49BD-AE77-5BDFAE83377D}.Debug|ARM64.ActiveCfg = Debug|Win32
		{0CE82043-5142-49BD-AE77-5BDFAE83377D}.Debug|x64.ActiveCfg = Debug|x64
		{0CE82043-5142-49BD-AE77-5BDFAE83377D}.Debug|x64.Build.0 = Debug|x64
		{0CE82043-5142-49BD-AE77-5BDFAE83377D}.Debug|x86.ActiveCfg = Debug|Win32
		{0CE82043-5142-49BD-AE77-5BDFAE83377D}.Debug|x86.Build.0 = Debug|Win32
		{0CE82043-5142-49BD-AE77-5BDFAE83377D}.Release|ARM.ActiveCfg = Release|Win32
		{0CE82043-5142-49BD-AE77-5BDFAE83377D}.Release|ARM64.ActiveCfg = Release|Win32
		{0CE82043-5142-49BD-AE77-5BDFAE83377D}.Release|x64.ActiveCfg = Release|x64
		{0CE82043-5142-49BD-AE77-5BDFAE83377D}.Release|x64.Build.0 = Release|x64
		{0CE82043-5142-49BD-AE77-5BDFAE83377D}.Release|x86.ActiveCfg = Release|Win32
		{0CE82043-5142-49BD-AE77-5BDFAE83377D}.Release|x86.Build.0 = Release|Win32
		{F05235B0-4248-4F8E-8C4E-F7A85429FC26}.Debug|ARM.ActiveCfg = Debug|ARM
		{F05235B0-4248-4F8E-8C4E-F7A85429FC26}.Debug|ARM.Build.0 = Debug|ARM
		{F05235B0-4248-4F8E-8C4E-F7A85429FC26}.Debug|ARM.Deploy.0 = Debug|ARM
		{F05235B0-4248-4F8E-8C4E-F7A85429FC26}.Debug|ARM64.ActiveCfg = Debug|ARM64
		{F05235B0-4248-4F8E-8C4E-F7A85429FC26}.Debug|ARM64.Build.0 = Debug|ARM64
		{F05235B0-4248-4F8E-8C4E-F7A85429FC26}.Debug|ARM64.Deploy.0 = Debug|ARM64
		{F05235B0-4248-4F8E-8C4E-F7A85429FC26}.Debug|x64.ActiveCfg = Debug|x64
		{F05235B0-4248-4F8E-8C4E-F7A85429FC26}.Debug|x64.Build.0 = Debug|x64
		{F05235B0-4248-4F8E-8C4E-F7A85429FC26}.Debug|x64.Deploy.0 = Debug|x64
		{F05235B0-4248-4F8E-8C4E-F7A85429FC26}.Debug|x86.ActiveCfg = Debug|x86
		{F05235B0-4248-4F8E-8C4E-F7A85429FC26}.Debug|x86.Build.0 = Debug|x86
		{F05235B0-4248-4F8E-8C4E-F7A85429FC26}.Debug|x86.Deploy.0 = Debug|x86
		{F05235B0-4248-4F8E-8C4E-F7A85429FC26}.Release|ARM.ActiveCfg = Release|ARM
		{F05235B0-4248-4F8E-8C4E-F7A85429FC26}.Release|ARM.Build.0 = Release|ARM
		{F05235B0-4248-4F8E-8C4E-F7A85429FC26}.Release|ARM.Deploy.0 = Release|ARM
		{F05235B0-4248-4F8E-8C4E-F7A85429FC26}.Release|ARM64.ActiveCfg = Release|ARM64
		{F05235B0-4248-4F8E-8C4E-F7A85429FC26}.Release|ARM64.Build.0 = Release|ARM64
		{F05235B0-4248-4F8E-8C4E-F7A85429FC26}.Release|ARM64.Deploy.0 = Release|ARM64
		{F05235B0-4248-4F8E-8C4E-F7A85429FC26}.Release|x64.ActiveCfg = Release|x64
		{F05235B0-4248-4F8E-8C4E-F7A85429FC26}.Release|x64.Build.0 = Release|x64
		{F05235B0-4248-4F8E-8C4E-F7A85429FC26}.Release|x64.Deploy.0 = Release|x64
		{F05235B0-4248-4F8E-8C4E-F7A85429FC26}.Release|x86.ActiveCfg = Release|x86
		{F05235B0-4248-4F8E-8C4E-F7A85429FC26}.Release|x86.Build.0 = Release|x86
		{F05235B0-4248-4F8E-8C4E-F7A85429FC26}.Release|x86.Deploy.0 = Release|x86
		{DF372B9B-16FD-49AD-BD89-EAAA6866C037}.Debug|ARM.ActiveCfg = Debug|ARM
		{DF372B9B-16FD-49AD-BD89-EAAA6866C037}.Debug|ARM.Build.0 = Debug|ARM
		{DF372B9B-16FD-49AD-BD89-EAAA6866C037}.Debug|ARM64.ActiveCfg = Debug|ARM64
		{DF372B9B-16FD-49AD-BD89-EAAA6866C037}.Debug|ARM64.Build.0 = Debug|ARM64
		{DF372B9B-16FD-49AD-BD89-EAAA6866C037}.Debug|x64.ActiveCfg = Debug|x64
		{DF372B9B-16FD-49AD-BD89-EAAA6866C037}.Debug|x64.Build.0 = Debug|x64
		{DF372B9B-16FD-49AD-BD89-EAAA6866C037}.Debug|x86.ActiveCfg = Debug|x86
		{DF372B9B-16FD-49AD-BD89-EAAA6866C037}.Debug|x86.Build.0 = Debug|x86
		{DF372B9B-16FD-49AD-BD89-EAAA6866C037}.Release|ARM.ActiveCfg = Release|ARM
		{DF372B9B-16FD-49AD-BD89-EAAA6866C037}.Release|ARM.Build.0 = Release|ARM
		{DF372B9B-16FD-49AD-BD89-EAAA6866C037}.Release|ARM64.ActiveCfg = Release|ARM64
		{DF372B9B-16FD-49AD-BD89-EAAA6866C037}.Release|ARM64.Build.0 = Release|ARM64
		{DF372B9B-16FD-49AD-BD89-EAAA6866C037}.Release|x64.ActiveCfg = Release|x64
		{DF372B9B-16FD-49AD-BD89-EAAA6866C037}.Release|x64.Build.0 = Release|x64
		{DF372B9B-16FD-49AD-BD89-EAAA6866C037}.Release|x86.ActiveCfg = Release|x86
		{DF372B9B-16FD-49AD-BD89-EAAA6866C037}.Release|x86.Build.0 = Release|x86
		{78D56FCF-4C7F-4971-AB07-C5A13636AD46}.Debug|ARM.ActiveCfg = Debug|Win32
		{78D56FCF-4C7F-4971-AB07-C5A13636AD46}.Debug|ARM64.ActiveCfg = Debug|Win32
		{78D56FCF-4C7F-4971-AB07-C5A13636AD46}.Debug|x64.ActiveCfg = Debug|x64
		{78D56FCF-4C7F-4971-AB07-C5A13636AD46}.Debug|x64.Build.0 = Debug|x64
		{78D56FCF-4C7F-4971-AB07-C5A13636AD46}.Debug|x86.ActiveCfg = Debug|Win32
		{78D56FCF-4C7F-4971-AB07-C5A13636AD46}.Debug|x86.Build.0 = Debug|Win32
		{78D56FCF-4C7F-4971-AB07-C5A13636AD46}.Release|ARM.ActiveCfg = Release|Win32
		{78D56FCF-4C7F-4971-AB07-C5A13636AD46}.Release|ARM64.ActiveCfg = Release|Win32
		{78D56FCF-4C7F-4971-AB07-C5A13636AD46}.Release|x64.ActiveCfg = Release|x64
		{78D56FCF-4C7F-4971-AB07-C5A13636AD46}.Release|x64.Build.0 = Release|x64
		{78D56FCF-4C7F-4971-AB07-C5A13636AD46}.Release|x86.ActiveCfg = Release|Win32
		{78D56FCF-4C7F-4971-AB07-C5A13636AD46}.Release|x86.Build.0 = Release|Win32
		{F187FD89-82A3-47B6-B1ED-3DF68C3AEA0C}.Debug|ARM.ActiveCfg = Debug|Win32
		{F187FD89-82A3-47B6-B1ED-3DF68C3AEA0C}.Debug|ARM64.ActiveCfg = Debug|Win32
		{F187FD89-82A3-47B6-B1ED-3DF68C3AEA0C}.Debug|x64.ActiveCfg = Debug|x64
		{F187FD89-82A3-47B6-B1ED-3DF68C3AEA0C}.Debug|x64.Build.0 = Debug|x64
		{F187FD89-82A3-47B6-B1ED-3DF68C3AEA0C}.Debug|x86.ActiveCfg = Debug|Win32
		{F187FD89-82A3-47B6-B1ED-3DF68C3AEA0C}.Debug|x86.Build.0 = Debug|Win32
		{F187FD89-82A3-47B6-B1ED-3DF68C3AEA0C}.Release|ARM.ActiveCfg = Release|Win32
		{F187FD89-82A3-47B6-B1ED-3DF68C3AEA0C}.Release|ARM64.ActiveCfg = Release|Win32
		{F187FD89-82A3-47B6-B1ED-3DF68C3AEA0C}.Release|x64.ActiveCfg = Release|x64
		{F187FD89-82A3-47B6-B1ED-3DF68C3AEA0C}.Release|x64.Build.0 = Release|x64
		{F187FD89-82A3-47B6-B1ED-3DF68C3AEA0C}.Release|x86.ActiveCfg = Release|Win32
		{F187FD89-82A3-47B6-B1ED-3DF68C3AEA0C}.Release|x86.Build.0 = Release|Win32
		{447B44DE-7008-4130-9FC2-1B7ACF29E317}.Debug|ARM.ActiveCfg = Debug|Win32
		{447B44DE-7008-4130-9FC2-1B7ACF29E317}.Debug|ARM64.ActiveCfg = Debug|Win32
		{447B44DE-7008-4130-9FC2-1B7ACF29E317}.Debug|x64.ActiveCfg = Debug|x64
		{447B44DE-7008-4130-9FC2-1B7ACF29E317}.Debug|x64.Build.0 = Debug|x64
		{447B44DE-7008-4130-9FC2-1B7ACF29E317}.Debug|x86.ActiveCfg = Debug|Win32
		{447B44DE-7008-4130-9FC2-1B7ACF29E317}.Debug|x86.Build.0 = Debug|Win32
		{447B44DE-7008-4130-9FC2-1B7ACF29E317}.Release|ARM.ActiveCfg = Release|Win32
		{447B44DE-7008-4130-9FC2-1B7ACF29E317}.Release|ARM64.ActiveCfg = Release|Win32
		{447B44DE-7008-4130-9FC2-1B7ACF29E317}.Release|x64.ActiveCfg = Release|x64
		{447B44DE-7008-4130-9FC2-1B7ACF29E317}.Release|x64.Build.0 = Release|x64
		{447B44DE-7008-4130-9FC2-1B7ACF29E317}.Release|x86.ActiveCfg = Release|Win32
		{447B44DE-7008-4130-9FC2-1B7ACF29E317}.Release|x86.Build.0 = Release|Win32
		{20A68B42-3337-4967-B54F-BA2A7B275716}.Debug|ARM.ActiveCfg = Debug|Win32
		{20A68B42-3337-4967-B54F-BA2A7B275716}.Debug|ARM64.ActiveCfg = Debug|Win32
		{20A68B42-3337-4967-B54F-BA2A7B275716}.Debug|x64.ActiveCfg = Debug|x64
		{20A68B42-3337-4967-B54F-BA2A7B275716}.Debug|x64.Build.0 = Debug|x64
		{20A68B42-3337-4967-B54F-BA2A7B275716}.Debug|x86.ActiveCfg = Debug|Win32
		{20A68B42-3337-4967-B54F-BA2A7B275716}.Debug|x86.Build.0 = Debug|Win32
		{20A68B42-3337-4967-B54F-BA2A7B275716}.Release|ARM.ActiveCfg = Release|Win32
		{20A68B42-3337-4967-B54F-BA2A7B275716}.Release|ARM64.ActiveCfg = Release|Win32
		{20A68B42-3337-4967-B54F-BA2A7B275716}.Release|x64.ActiveCfg = Release|x64
		{20A68B42-3337-4967-B54F-BA2A7B275716}.Release|x64.Build.0 = Release|x64
		{20A68B42-3337-4967-B54F-BA2A7B275716}.Release|x86.ActiveCfg = Release|Win32
		{20A68B42-3337-4967-B54F-BA2A7B275716}.Release|x86.Build.0 = Release|Win32
		{740841AC-383E-4B99-B58E-C3EF4FF8EBFB}.Debug|ARM.ActiveCfg = Debug|Win32
		{740841AC-383E-4B99-B58E-C3EF4FF8EBFB}.Debug|ARM64.ActiveCfg = Debug|Win32
		{740841AC-383E-4B99-B58E-C3EF4FF8EBFB}.Debug|x64.ActiveCfg = Debug|x64
		{740841AC-383E-4B99-B58E-C3EF4FF8EBFB}.Debug|x64.Build.0 = Debug|x64
		{740841AC-383E-4B99-B58E-C3EF4FF8EBFB}.Debug|x86.ActiveCfg = Debug|Win32
		{740841AC-383E-4B99-B58E-C3EF4FF8EBFB}.Debug|x86.Build.0 = Debug|Win32
		{740841AC-383E-4B99-B58E-C3EF4FF8EBFB}.Release|ARM.ActiveCfg = Release|Win32
		{740841AC-383E-4B99-B58E-C3EF4FF8EBFB}.Release|ARM64.ActiveCfg = Release|Win32
		{740841AC-383E-4B99-B58E-C3EF4FF8EBFB}.Release|x64.ActiveCfg = Release|x64
		{740841AC-383E-4B99-B58E-C3EF4FF8EBFB}.Release|x64.Build.0 = Release|x64
		{740841AC-383E-4B99-B58E-C3EF4FF8EBFB}.Release|x86.ActiveCfg = Release|Win32
		{740841AC-383E-4B99-B58E-C3EF4FF8EBFB}.Release|x86.Build.0 = Release|Win32
		{E6D9FBC5-DDEE-4CFA-A2D6-E305E83460B1}.Debug|ARM.ActiveCfg = Debug|Win32
		{E6D9FBC5-DDEE-4CFA-A2D6-E305E83460B1}.Debug|ARM64.ActiveCfg = Debug|Win32
		{E6D9FBC5-DDEE-4CFA-A2D6-E305E83460B1}.Debug|x64.ActiveCfg = Debug|x64
		{E6D9FBC5-DDEE-4CFA-A2D6-E305E83460B1}.Debug|x64.Build.0 = Debug|x64
		{E6D9FBC5-DDEE-4CFA-A2D6-E305E83460B1}.Debug|x86.ActiveCfg = Debug|Win32
		{E6D9FBC5-DDEE-4CFA-A2D6-E305E83460B1}.Debug|x86.Build.0 = Debug|Win32
		{E6D9FBC5-DDEE-4CFA-A2D6-E305E83460B1}.Release|ARM.ActiveCfg = Release|Win32
		{E6D9FBC5-DDEE-4CFA-A2D6-E305E83460B1}.Release|ARM64.ActiveCfg = Release|Win32
		{E6D9FBC5-DDEE-4CFA-A2D6-E305E83460B1}.Release|x64.ActiveCfg = Release|x64
		{E6D9FBC5-DDEE-4CFA-A2D6-E305E83460B1}.Release|x64.Build.0 = Release|x64
		{E6D9FBC5-DDEE-4CFA-A2D6-E305E83460B1}.Release|x86.ActiveCfg = Release|Win32
		{E6D9FBC5-DDEE-4CFA-A2D6-E305E83460B1}.Release|x86.Build.0 = Release|Win32
		{B737B1F8-A204-422F-B422-F5C2FD0FBD65}.Debug|ARM.ActiveCfg = Debug|Win32
		{B737B1F8-A204-422F-B422-F5C2FD0FBD65}.Debug|ARM64.ActiveCfg = Debug|Win32
		{B737B1F8-A204-422F-B422-F5C2FD0FBD65}.Debug|x64.ActiveCfg = Debug|x64
		{B737B1F8-A204-422F-B422-F5C2FD0FBD65}.Debug|x64.Build.0 = Debug|x64
		{B737B1F8-A204-422F-B422-F5C2FD0FBD65}.Debug|x86.ActiveCfg = Debug|Win32
		{B737B1F8-A204-422F-B422-F5C2FD0FBD65}.Debug|x86.Build.0 = Debug|Win32
		{B737B1F8-A204-422F-B422-F5C2FD0FBD65}.Release|ARM.ActiveCfg = Release|Win32
		{B737B1F8-A204-422F-B422-F5C2FD0FBD65}.Release|ARM64.ActiveCfg = Release|Win32
		{B737B1F8-A204-422F-B422-F5C2FD0FBD65}.Release|x64.ActiveCfg = Release|x64
		{B737B1F8-A204-422F-B422-F5C2FD0FBD65}.Release|x64.Build.0 = Release|x64
		{B737B1F8-A204-422F-B422-F5C2FD0FBD65}.Release|x86.ActiveCfg = Release|Win32
		{B737B1F8-A204-422F-B422-F5C2FD0FBD65}.Release|x86.Build.0 = Release|Win32
		{21820433-FFFA-4F2C-BE8E-AEFFA84872C4}.Debug|ARM.ActiveCfg = Debug|x64
		{21820433-FFFA-4F2C-BE8E-AEFFA84872C4}.Debug|ARM.Build.0 = Debug|x64
		{21820433-FFFA-4F2C-BE8E-AEFFA84872C4}.Debug|ARM64.ActiveCfg = Debug|x64
		{21820433-FFFA-4F2C-BE8E-AEFFA84872C4}.Debug|ARM64.Build.0 = Debug|x64
		{21820433-FFFA-4F2C-BE8E-AEFFA84872C4}.Debug|x64.ActiveCfg = Debug|x64
		{21820433-FFFA-4F2C-BE8E-AEFFA84872C4}.Debug|x64.Build.0 = Debug|x64
		{21820433-FFFA-4F2C-BE8E-AEFFA84872C4}.Debug|x86.ActiveCfg = Debug|Win32
		{21820433-FFFA-4F2C-BE8E-AEFFA84872C4}.Debug|x86.Build.0 = Debug|Win32
		{21820433-FFFA-4F2C-BE8E-AEFFA84872C4}.Release|ARM.ActiveCfg = Release|x64
		{21820433-FFFA-4F2C-BE8E-AEFFA84872C4}.Release|ARM.Build.0 = Release|x64
		{21820433-FFFA-4F2C-BE8E-AEFFA84872C4}.Release|ARM64.ActiveCfg = Release|x64
		{21820433-FFFA-4F2C-BE8E-AEFFA84872C4}.Release|ARM64.Build.0 = Release|x64
		{21820433-FFFA-4F2C-BE8E-AEFFA84872C4}.Release|x64.ActiveCfg = Release|x64
		{21820433-FFFA-4F2C-BE8E-AEFFA84872C4}.Release|x64.Build.0 = Release|x64
		{21820433-FFFA-4F2C-BE8E-AEFFA84872C4}.Release|x86.ActiveCfg = Release|Win32
		{21820433-FFFA-4F2C-BE8E-AEFFA84872C4}.Release|x86.Build.0 = Release|Win32
		{292F1977-1903-4B89-B4A7-A2AF070FC419}.Debug|ARM.ActiveCfg = Debug|x64
		{292F1977-1903-4B89-B4A7-A2AF070FC419}.Debug|ARM.Build.0 = Debug|x64
		{292F1977-1903-4B89-B4A7-A2AF070FC419}.Debug|ARM64.ActiveCfg = Debug|x64
		{292F1977-1903-4B89-B4A7-A2AF070FC419}.Debug|ARM64.Build.0 = Debug|x64
		{292F1977-1903-4B89-B4A7-A2AF070FC419}.Debug|x64.ActiveCfg = Debug|x64
		{292F1977-1903-4B89-B4A7-A2AF070FC419}.Debug|x64.Build.0 = Debug|x64
		{292F1977-1903-4B89-B4A7-A2AF070FC419}.Debug|x86.ActiveCfg = Debug|Win32
		{292F1977-1903-4B89-B4A7-A2AF070FC419}.Debug|x86.Build.0 = Debug|Win32
		{292F1977-1903-4B89-B4A7-A2AF070FC419}.Release|ARM.ActiveCfg = Release|x64
		{292F1977-1903-4B89-B4A7-A2AF070FC419}.Release|ARM.Build.0 = Release|x64
		{292F1977-1903-4B89-B4A7-A2AF070FC419}.Release|ARM64.ActiveCfg = Release|x64
		{292F1977-1903-4B89-B4A7-A2AF070FC419}.Release|ARM64.Build.0 = Release|x64
		{292F1977-1903-4B89-B4A7-A2AF070FC419}.Release|x64.ActiveCfg = Release|x64
		{292F1977-1903-4B89-B4A7-A2AF070FC419}.Release|x64.Build.0 = Release|x64
		{292F1977-1903-4B89-B4A7-A2AF070FC419}.Release|x86.ActiveCfg = Release|Win32
		{292F1977-1903-4B89-B4A7-A2AF070FC419}.Release|x86.Build.0 = Release|Win32
	EndGlobalSection
	GlobalSection(SolutionProperties) = preSolution
		HideSolutionNode = FALSE
	EndGlobalSection
	GlobalSection(NestedProjects) = preSolution
		{F05235B0-4248-4F8E-8C4E-F7A85429FC26} = {056F0DAF-6241-4B9F-BB02-F2B0AA9BF9FA}
		{DF372B9B-16FD-49AD-BD89-EAAA6866C037} = {056F0DAF-6241-4B9F-BB02-F2B0AA9BF9FA}
	EndGlobalSection
	GlobalSection(ExtensibilityGlobals) = postSolution
		SolutionGuid = {F3D75E2B-4D95-47CB-B64B-33C958E7FFAF}
	EndGlobalSection
EndGlobal
